// !$*UTF8*$!
{
	archiveVersion = 1;
	classes = {
	};
	objectVersion = 46;
	objects = {

/* Begin PBXBuildFile section */
		F028150D1E9CBD4200A98EE9 /* ATongfeng.png in Resources */ = {isa = PBXBuildFile; fileRef = F028150B1E9CBD4200A98EE9 /* ATongfeng.png */; };
		F028150E1E9CBD4200A98EE9 /* ATongfeng2.png in Resources */ = {isa = PBXBuildFile; fileRef = F028150C1E9CBD4200A98EE9 /* ATongfeng2.png */; };
		F02815111E9CBDFF00A98EE9 /* AGaosu.png in Resources */ = {isa = PBXBuildFile; fileRef = F028150F1E9CBDFF00A98EE9 /* AGaosu.png */; };
		F02815121E9CBDFF00A98EE9 /* AGaosu2.png in Resources */ = {isa = PBXBuildFile; fileRef = F02815101E9CBDFF00A98EE9 /* AGaosu2.png */; };
		F02815151E9CBFE500A98EE9 /* AZidong.png in Resources */ = {isa = PBXBuildFile; fileRef = F02815131E9CBFE500A98EE9 /* AZidong.png */; };
		F02815161E9CBFE500A98EE9 /* AZidong2.png in Resources */ = {isa = PBXBuildFile; fileRef = F02815141E9CBFE500A98EE9 /* AZidong2.png */; };
		F028151B1E9CC07C00A98EE9 /* AZhileng.png in Resources */ = {isa = PBXBuildFile; fileRef = F02815171E9CC07C00A98EE9 /* AZhileng.png */; };
		F028151C1E9CC07C00A98EE9 /* AZhileng2.png in Resources */ = {isa = PBXBuildFile; fileRef = F02815181E9CC07C00A98EE9 /* AZhileng2.png */; };
		F028151D1E9CC07C00A98EE9 /* AZhire.png in Resources */ = {isa = PBXBuildFile; fileRef = F02815191E9CC07C00A98EE9 /* AZhire.png */; };
		F028151E1E9CC07C00A98EE9 /* AZhire2.png in Resources */ = {isa = PBXBuildFile; fileRef = F028151A1E9CC07C00A98EE9 /* AZhire2.png */; };
		F02815201E9CC0BD00A98EE9 /* aircon_temp.png in Resources */ = {isa = PBXBuildFile; fileRef = F028151F1E9CC0BD00A98EE9 /* aircon_temp.png */; };
		F02815231E9DBB5100A98EE9 /* GuestBathroom.m in Sources */ = {isa = PBXBuildFile; fileRef = F02815221E9DBB5100A98EE9 /* GuestBathroom.m */; };
		F02815261E9DBB7B00A98EE9 /* Cloakroom.m in Sources */ = {isa = PBXBuildFile; fileRef = F02815251E9DBB7B00A98EE9 /* Cloakroom.m */; };
		F02815291E9DBE2200A98EE9 /* LightsButton.m in Sources */ = {isa = PBXBuildFile; fileRef = F02815281E9DBE2200A98EE9 /* LightsButton.m */; };
		F028152B1E9DBF2200A98EE9 /* GuestBathroomLTView.xib in Resources */ = {isa = PBXBuildFile; fileRef = F028152A1E9DBF2200A98EE9 /* GuestBathroomLTView.xib */; };
		F028152D1E9DBF4800A98EE9 /* CloakroomLTView.xib in Resources */ = {isa = PBXBuildFile; fileRef = F028152C1E9DBF4800A98EE9 /* CloakroomLTView.xib */; };
		F02815301E9DC37300A98EE9 /* ON.png in Resources */ = {isa = PBXBuildFile; fileRef = F028152E1E9DC37300A98EE9 /* ON.png */; };
		F02815311E9DC37300A98EE9 /* OFF.png in Resources */ = {isa = PBXBuildFile; fileRef = F028152F1E9DC37300A98EE9 /* OFF.png */; };
		F02815341E9E0E7E00A98EE9 /* Bedroom.m in Sources */ = {isa = PBXBuildFile; fileRef = F02815331E9E0E7E00A98EE9 /* Bedroom.m */; };
		F02815371E9E0EA000A98EE9 /* MainLamp.m in Sources */ = {isa = PBXBuildFile; fileRef = F02815361E9E0EA000A98EE9 /* MainLamp.m */; };
		F028153A1E9E0EBD00A98EE9 /* Tolet.m in Sources */ = {isa = PBXBuildFile; fileRef = F02815391E9E0EBD00A98EE9 /* Tolet.m */; };
		F028153C1E9E15FB00A98EE9 /* ToletLTView.xib in Resources */ = {isa = PBXBuildFile; fileRef = F028153B1E9E15FB00A98EE9 /* ToletLTView.xib */; };
		F02815451E9E17C200A98EE9 /* working.png in Resources */ = {isa = PBXBuildFile; fileRef = F028153D1E9E17C200A98EE9 /* working.png */; };
		F02815461E9E17C200A98EE9 /* working2.png in Resources */ = {isa = PBXBuildFile; fileRef = F028153E1E9E17C200A98EE9 /* working2.png */; };
		F02815471E9E17C200A98EE9 /* reception.png in Resources */ = {isa = PBXBuildFile; fileRef = F028153F1E9E17C200A98EE9 /* reception.png */; };
		F02815481E9E17C200A98EE9 /* reception2.png in Resources */ = {isa = PBXBuildFile; fileRef = F02815401E9E17C200A98EE9 /* reception2.png */; };
		F02815491E9E17C200A98EE9 /* romantic.png in Resources */ = {isa = PBXBuildFile; fileRef = F02815411E9E17C200A98EE9 /* romantic.png */; };
		F028154A1E9E17C200A98EE9 /* romantic2.png in Resources */ = {isa = PBXBuildFile; fileRef = F02815421E9E17C200A98EE9 /* romantic2.png */; };
		F028154B1E9E17C200A98EE9 /* sleep.png in Resources */ = {isa = PBXBuildFile; fileRef = F02815431E9E17C200A98EE9 /* sleep.png */; };
		F028154C1E9E17C200A98EE9 /* sleep2.png in Resources */ = {isa = PBXBuildFile; fileRef = F02815441E9E17C200A98EE9 /* sleep2.png */; };
		F02815531E9E183D00A98EE9 /* spaClose.png in Resources */ = {isa = PBXBuildFile; fileRef = F028154F1E9E183D00A98EE9 /* spaClose.png */; };
		F02815541E9E183D00A98EE9 /* spaClose2.png in Resources */ = {isa = PBXBuildFile; fileRef = F02815501E9E183D00A98EE9 /* spaClose2.png */; };
		F02815551E9E183D00A98EE9 /* spaOpen.png in Resources */ = {isa = PBXBuildFile; fileRef = F02815511E9E183D00A98EE9 /* spaOpen.png */; };
		F02815561E9E183D00A98EE9 /* spaOpen2.png in Resources */ = {isa = PBXBuildFile; fileRef = F02815521E9E183D00A98EE9 /* spaOpen2.png */; };
		F028155B1E9E186400A98EE9 /* tv-.png in Resources */ = {isa = PBXBuildFile; fileRef = F02815571E9E186400A98EE9 /* tv-.png */; };
		F028155C1E9E186400A98EE9 /* tv-2.png in Resources */ = {isa = PBXBuildFile; fileRef = F02815581E9E186400A98EE9 /* tv-2.png */; };
		F028155D1E9E186400A98EE9 /* tv+.png in Resources */ = {isa = PBXBuildFile; fileRef = F02815591E9E186400A98EE9 /* tv+.png */; };
		F028155E1E9E186400A98EE9 /* tv+2.png in Resources */ = {isa = PBXBuildFile; fileRef = F028155A1E9E186400A98EE9 /* tv+2.png */; };
		F02815631E9E187F00A98EE9 /* voice-.png in Resources */ = {isa = PBXBuildFile; fileRef = F028155F1E9E187F00A98EE9 /* voice-.png */; };
		F02815641E9E187F00A98EE9 /* voice-2.png in Resources */ = {isa = PBXBuildFile; fileRef = F02815601E9E187F00A98EE9 /* voice-2.png */; };
		F02815651E9E187F00A98EE9 /* voice+.png in Resources */ = {isa = PBXBuildFile; fileRef = F02815611E9E187F00A98EE9 /* voice+.png */; };
		F02815661E9E187F00A98EE9 /* voice+2.png in Resources */ = {isa = PBXBuildFile; fileRef = F02815621E9E187F00A98EE9 /* voice+2.png */; };
		F02815691E9E189700A98EE9 /* spa.png in Resources */ = {isa = PBXBuildFile; fileRef = F02815671E9E189700A98EE9 /* spa.png */; };
		F028156A1E9E189700A98EE9 /* spa2.png in Resources */ = {isa = PBXBuildFile; fileRef = F02815681E9E189700A98EE9 /* spa2.png */; };
		F028156C1E9E21DF00A98EE9 /* MainLampLTView.xib in Resources */ = {isa = PBXBuildFile; fileRef = F028156B1E9E21DF00A98EE9 /* MainLampLTView.xib */; };
		F028156E1E9E23E400A98EE9 /* BedroomLTView.xib in Resources */ = {isa = PBXBuildFile; fileRef = F028156D1E9E23E400A98EE9 /* BedroomLTView.xib */; };
		F02C08931E9CB5ED00F3D476 /* ADiSu.png in Resources */ = {isa = PBXBuildFile; fileRef = F02C08741E9CB5ED00F3D476 /* ADiSu.png */; };
		F02C08941E9CB5ED00F3D476 /* ADiSu2.png in Resources */ = {isa = PBXBuildFile; fileRef = F02C08751E9CB5ED00F3D476 /* ADiSu2.png */; };
		F02C08971E9CB5ED00F3D476 /* JiangWen.png in Resources */ = {isa = PBXBuildFile; fileRef = F02C08781E9CB5ED00F3D476 /* JiangWen.png */; };
		F02C08981E9CB5ED00F3D476 /* JiangWen2.png in Resources */ = {isa = PBXBuildFile; fileRef = F02C08791E9CB5ED00F3D476 /* JiangWen2.png */; };
		F02C08991E9CB5ED00F3D476 /* model_code.png in Resources */ = {isa = PBXBuildFile; fileRef = F02C087A1E9CB5ED00F3D476 /* model_code.png */; };
		F02C089A1E9CB5ED00F3D476 /* model_hot.png in Resources */ = {isa = PBXBuildFile; fileRef = F02C087B1E9CB5ED00F3D476 /* model_hot.png */; };
		F02C089B1E9CB5ED00F3D476 /* model_wind.png in Resources */ = {isa = PBXBuildFile; fileRef = F02C087C1E9CB5ED00F3D476 /* model_wind.png */; };
		F02C089C1E9CB5ED00F3D476 /* Shengwen.png in Resources */ = {isa = PBXBuildFile; fileRef = F02C087D1E9CB5ED00F3D476 /* Shengwen.png */; };
		F02C089D1E9CB5ED00F3D476 /* Shengwen2.png in Resources */ = {isa = PBXBuildFile; fileRef = F02C087E1E9CB5ED00F3D476 /* Shengwen2.png */; };
		F02C089E1E9CB5ED00F3D476 /* ATingZhi.png in Resources */ = {isa = PBXBuildFile; fileRef = F02C087F1E9CB5ED00F3D476 /* ATingZhi.png */; };
		F02C089F1E9CB5ED00F3D476 /* ATingZhi2.png in Resources */ = {isa = PBXBuildFile; fileRef = F02C08801E9CB5ED00F3D476 /* ATingZhi2.png */; };
		F02C08A21E9CB5ED00F3D476 /* wind_speed0.png in Resources */ = {isa = PBXBuildFile; fileRef = F02C08831E9CB5ED00F3D476 /* wind_speed0.png */; };
		F02C08A31E9CB5ED00F3D476 /* wind_speed1.png in Resources */ = {isa = PBXBuildFile; fileRef = F02C08841E9CB5ED00F3D476 /* wind_speed1.png */; };
		F02C08A41E9CB5ED00F3D476 /* wind_speed2.png in Resources */ = {isa = PBXBuildFile; fileRef = F02C08851E9CB5ED00F3D476 /* wind_speed2.png */; };
		F02C08A51E9CB5ED00F3D476 /* wind_speed3.png in Resources */ = {isa = PBXBuildFile; fileRef = F02C08861E9CB5ED00F3D476 /* wind_speed3.png */; };
		F02C08A61E9CB5ED00F3D476 /* wind_speed4.png in Resources */ = {isa = PBXBuildFile; fileRef = F02C08871E9CB5ED00F3D476 /* wind_speed4.png */; };
		F02C08AD1E9CB5ED00F3D476 /* AZhongSu.png in Resources */ = {isa = PBXBuildFile; fileRef = F02C088E1E9CB5ED00F3D476 /* AZhongSu.png */; };
		F02C08AE1E9CB5ED00F3D476 /* AZhongSu2.png in Resources */ = {isa = PBXBuildFile; fileRef = F02C088F1E9CB5ED00F3D476 /* AZhongSu2.png */; };
		F06B15E31E975B810044B677 /* main.m in Sources */ = {isa = PBXBuildFile; fileRef = F06B15E21E975B810044B677 /* main.m */; };
		F06B15E61E975B810044B677 /* AppDelegate.m in Sources */ = {isa = PBXBuildFile; fileRef = F06B15E51E975B810044B677 /* AppDelegate.m */; };
		F06B15EE1E975B810044B677 /* Assets.xcassets in Resources */ = {isa = PBXBuildFile; fileRef = F06B15ED1E975B810044B677 /* Assets.xcassets */; };
		F06B15F11E975B810044B677 /* LaunchScreen.storyboard in Resources */ = {isa = PBXBuildFile; fileRef = F06B15EF1E975B810044B677 /* LaunchScreen.storyboard */; };
		F06B15FC1E975B810044B677 /* LZHGRControlTests.m in Sources */ = {isa = PBXBuildFile; fileRef = F06B15FB1E975B810044B677 /* LZHGRControlTests.m */; };
		F06B16071E975B810044B677 /* LZHGRControlUITests.m in Sources */ = {isa = PBXBuildFile; fileRef = F06B16061E975B810044B677 /* LZHGRControlUITests.m */; };
		F06B16311E9763CD0044B677 /* CFNetwork.framework in Frameworks */ = {isa = PBXBuildFile; fileRef = F06B16301E9763CD0044B677 /* CFNetwork.framework */; };
		F06B16351E9764240044B677 /* AsyncUdpSocket.m in Sources */ = {isa = PBXBuildFile; fileRef = F06B16341E9764240044B677 /* AsyncUdpSocket.m */; };
		F06B16391E9765A90044B677 /* MainViewController.m in Sources */ = {isa = PBXBuildFile; fileRef = F06B16381E9765A90044B677 /* MainViewController.m */; };
		F06B163C1E9765BE0044B677 /* AirconViewController.m in Sources */ = {isa = PBXBuildFile; fileRef = F06B163B1E9765BE0044B677 /* AirconViewController.m */; };
		F06B163F1E9765D60044B677 /* LightsViewController.m in Sources */ = {isa = PBXBuildFile; fileRef = F06B163E1E9765D60044B677 /* LightsViewController.m */; };
		F06B16421E9765EA0044B677 /* ServerViewController.m in Sources */ = {isa = PBXBuildFile; fileRef = F06B16411E9765EA0044B677 /* ServerViewController.m */; };
		F06B16451E9765FA0044B677 /* SetViewController.m in Sources */ = {isa = PBXBuildFile; fileRef = F06B16441E9765FA0044B677 /* SetViewController.m */; };
		F06B164B1E97661B0044B677 /* light.png in Resources */ = {isa = PBXBuildFile; fileRef = F06B16471E97661B0044B677 /* light.png */; };
		F06B164C1E97661B0044B677 /* server.png in Resources */ = {isa = PBXBuildFile; fileRef = F06B16481E97661B0044B677 /* server.png */; };
		F06B164D1E97661B0044B677 /* main_bk.jpg in Resources */ = {isa = PBXBuildFile; fileRef = F06B164A1E97661B0044B677 /* main_bk.jpg */; };
		F06B164F1E97665C0044B677 /* EquipmentInfoList.plist in Resources */ = {isa = PBXBuildFile; fileRef = F06B164E1E97665C0044B677 /* EquipmentInfoList.plist */; };
		F06B16531E9767580044B677 /* AirconKeyboardView.m in Sources */ = {isa = PBXBuildFile; fileRef = F06B16521E9767580044B677 /* AirconKeyboardView.m */; };
		F06B16601E9767960044B677 /* BedroomLTView.m in Sources */ = {isa = PBXBuildFile; fileRef = F06B16551E9767960044B677 /* BedroomLTView.m */; };
		F06B16611E9767960044B677 /* CloakroomLTView.m in Sources */ = {isa = PBXBuildFile; fileRef = F06B16571E9767960044B677 /* CloakroomLTView.m */; };
		F06B16621E9767960044B677 /* GuestBathroomLTView.m in Sources */ = {isa = PBXBuildFile; fileRef = F06B16591E9767960044B677 /* GuestBathroomLTView.m */; };
		F06B16631E9767960044B677 /* MainLampLTView.m in Sources */ = {isa = PBXBuildFile; fileRef = F06B165B1E9767960044B677 /* MainLampLTView.m */; };
		F06B16641E9767960044B677 /* LTNavigationBarView.m in Sources */ = {isa = PBXBuildFile; fileRef = F06B165D1E9767960044B677 /* LTNavigationBarView.m */; };
		F06B16651E9767960044B677 /* OverAllControlView.m in Sources */ = {isa = PBXBuildFile; fileRef = F06B165F1E9767960044B677 /* OverAllControlView.m */; };
		F06B16681E9767B10044B677 /* ServerKeyboardView.m in Sources */ = {isa = PBXBuildFile; fileRef = F06B16671E9767B10044B677 /* ServerKeyboardView.m */; };
		F06B166B1E9767DB0044B677 /* SetKeyboardView.m in Sources */ = {isa = PBXBuildFile; fileRef = F06B166A1E9767DB0044B677 /* SetKeyboardView.m */; };
		F06B166E1E9768030044B677 /* TitleBarView.m in Sources */ = {isa = PBXBuildFile; fileRef = F06B166D1E9768030044B677 /* TitleBarView.m */; };
		F06B16711E9768150044B677 /* ToletLTView.m in Sources */ = {isa = PBXBuildFile; fileRef = F06B16701E9768150044B677 /* ToletLTView.m */; };
		F06B16741E9768330044B677 /* Aircon.m in Sources */ = {isa = PBXBuildFile; fileRef = F06B16731E9768330044B677 /* Aircon.m */; };
		F06B16771E9768410044B677 /* EquipmentInfoManage.m in Sources */ = {isa = PBXBuildFile; fileRef = F06B16761E9768410044B677 /* EquipmentInfoManage.m */; };
		F06B167A1E9768510044B677 /* EquipmentInfo.m in Sources */ = {isa = PBXBuildFile; fileRef = F06B16791E9768510044B677 /* EquipmentInfo.m */; };
		F06B167C1E97686A0044B677 /* AirconKeyboardView.xib in Resources */ = {isa = PBXBuildFile; fileRef = F06B167B1E97686A0044B677 /* AirconKeyboardView.xib */; };
		F06B167E1E9768A50044B677 /* LTNavigationBarView.xib in Resources */ = {isa = PBXBuildFile; fileRef = F06B167D1E9768A50044B677 /* LTNavigationBarView.xib */; };
		F06B16801E9768B30044B677 /* OverAllControlView.xib in Resources */ = {isa = PBXBuildFile; fileRef = F06B167F1E9768B30044B677 /* OverAllControlView.xib */; };
		F06B16821E9768BF0044B677 /* ServerKeyboardView.xib in Resources */ = {isa = PBXBuildFile; fileRef = F06B16811E9768BF0044B677 /* ServerKeyboardView.xib */; };
		F06B16841E9768CC0044B677 /* SetKeyboardView.xib in Resources */ = {isa = PBXBuildFile; fileRef = F06B16831E9768CC0044B677 /* SetKeyboardView.xib */; };
		F06B16861E9768E20044B677 /* TitleBarView.xib in Resources */ = {isa = PBXBuildFile; fileRef = F06B16851E9768E20044B677 /* TitleBarView.xib */; };
		F06B16891E976FBB0044B677 /* DMCore.m in Sources */ = {isa = PBXBuildFile; fileRef = F06B16881E976FBB0044B677 /* DMCore.m */; };
		F06B168C1E9786EB0044B677 /* ACNavigationView.m in Sources */ = {isa = PBXBuildFile; fileRef = F06B168B1E9786EB0044B677 /* ACNavigationView.m */; };
		F06B168E1E97904E0044B677 /* ACNavigationView.xib in Resources */ = {isa = PBXBuildFile; fileRef = F06B168D1E97904E0044B677 /* ACNavigationView.xib */; };
		F06B16911E9B64500044B677 /* UDPNetwork.m in Sources */ = {isa = PBXBuildFile; fileRef = F06B16901E9B64500044B677 /* UDPNetwork.m */; };
		F06B16931E9B681B0044B677 /* NetworkInfo.plist in Resources */ = {isa = PBXBuildFile; fileRef = F06B16921E9B681B0044B677 /* NetworkInfo.plist */; };
		F0A64BBE1E9CB2B600DD3FD3 /* LightClose.png in Resources */ = {isa = PBXBuildFile; fileRef = F0A64BAB1E9CB2B600DD3FD3 /* LightClose.png */; };
		F0A64BBF1E9CB2B600DD3FD3 /* LightClose2.png in Resources */ = {isa = PBXBuildFile; fileRef = F0A64BAC1E9CB2B600DD3FD3 /* LightClose2.png */; };
		F0A64BC01E9CB2B600DD3FD3 /* LightOpen.png in Resources */ = {isa = PBXBuildFile; fileRef = F0A64BAD1E9CB2B600DD3FD3 /* LightOpen.png */; };
		F0A64BC11E9CB2B600DD3FD3 /* LightOpen2.png in Resources */ = {isa = PBXBuildFile; fileRef = F0A64BAE1E9CB2B600DD3FD3 /* LightOpen2.png */; };
		F0A64BC21E9CB2B600DD3FD3 /* Scene1.png in Resources */ = {isa = PBXBuildFile; fileRef = F0A64BAF1E9CB2B600DD3FD3 /* Scene1.png */; };
		F0A64BC31E9CB2B600DD3FD3 /* Scene12.png in Resources */ = {isa = PBXBuildFile; fileRef = F0A64BB01E9CB2B600DD3FD3 /* Scene12.png */; };
		F0A64BC41E9CB2B600DD3FD3 /* Scene2.png in Resources */ = {isa = PBXBuildFile; fileRef = F0A64BB11E9CB2B600DD3FD3 /* Scene2.png */; };
		F0A64BC51E9CB2B600DD3FD3 /* Scene22.png in Resources */ = {isa = PBXBuildFile; fileRef = F0A64BB21E9CB2B600DD3FD3 /* Scene22.png */; };
		F0A64BC61E9CB2B600DD3FD3 /* Scene3.png in Resources */ = {isa = PBXBuildFile; fileRef = F0A64BB31E9CB2B600DD3FD3 /* Scene3.png */; };
		F0A64BC71E9CB2B600DD3FD3 /* Scene32.png in Resources */ = {isa = PBXBuildFile; fileRef = F0A64BB41E9CB2B600DD3FD3 /* Scene32.png */; };
		F0A64BC81E9CB2B600DD3FD3 /* Scene4.png in Resources */ = {isa = PBXBuildFile; fileRef = F0A64BB51E9CB2B600DD3FD3 /* Scene4.png */; };
		F0A64BC91E9CB2B600DD3FD3 /* Scene42.png in Resources */ = {isa = PBXBuildFile; fileRef = F0A64BB61E9CB2B600DD3FD3 /* Scene42.png */; };
		F0A64BCA1E9CB2B600DD3FD3 /* Service_QL.png in Resources */ = {isa = PBXBuildFile; fileRef = F0A64BB81E9CB2B600DD3FD3 /* Service_QL.png */; };
		F0A64BCB1E9CB2B600DD3FD3 /* Service_QL2.png in Resources */ = {isa = PBXBuildFile; fileRef = F0A64BB91E9CB2B600DD3FD3 /* Service_QL2.png */; };
		F0A64BCC1E9CB2B600DD3FD3 /* Service_SOS.png in Resources */ = {isa = PBXBuildFile; fileRef = F0A64BBA1E9CB2B600DD3FD3 /* Service_SOS.png */; };
		F0A64BCD1E9CB2B600DD3FD3 /* Service_SOS2.png in Resources */ = {isa = PBXBuildFile; fileRef = F0A64BBB1E9CB2B600DD3FD3 /* Service_SOS2.png */; };
		F0A64BCE1E9CB2B600DD3FD3 /* Service_WR.png in Resources */ = {isa = PBXBuildFile; fileRef = F0A64BBC1E9CB2B600DD3FD3 /* Service_WR.png */; };
		F0A64BCF1E9CB2B600DD3FD3 /* Service_WR2.png in Resources */ = {isa = PBXBuildFile; fileRef = F0A64BBD1E9CB2B600DD3FD3 /* Service_WR2.png */; };
/* End PBXBuildFile section */

/* Begin PBXContainerItemProxy section */
		F06B15F81E975B810044B677 /* PBXContainerItemProxy */ = {
			isa = PBXContainerItemProxy;
			containerPortal = F06B15D61E975B800044B677 /* Project object */;
			proxyType = 1;
			remoteGlobalIDString = F06B15DD1E975B810044B677;
			remoteInfo = LZHGRControl;
		};
		F06B16031E975B810044B677 /* PBXContainerItemProxy */ = {
			isa = PBXContainerItemProxy;
			containerPortal = F06B15D61E975B800044B677 /* Project object */;
			proxyType = 1;
			remoteGlobalIDString = F06B15DD1E975B810044B677;
			remoteInfo = LZHGRControl;
		};
/* End PBXContainerItemProxy section */

/* Begin PBXFileReference section */
		F028150B1E9CBD4200A98EE9 /* ATongfeng.png */ = {isa = PBXFileReference; lastKnownFileType = image.png; path = ATongfeng.png; sourceTree = "<group>"; };
		F028150C1E9CBD4200A98EE9 /* ATongfeng2.png */ = {isa = PBXFileReference; lastKnownFileType = image.png; path = ATongfeng2.png; sourceTree = "<group>"; };
		F028150F1E9CBDFF00A98EE9 /* AGaosu.png */ = {isa = PBXFileReference; lastKnownFileType = image.png; path = AGaosu.png; sourceTree = "<group>"; };
		F02815101E9CBDFF00A98EE9 /* AGaosu2.png */ = {isa = PBXFileReference; lastKnownFileType = image.png; path = AGaosu2.png; sourceTree = "<group>"; };
		F02815131E9CBFE500A98EE9 /* AZidong.png */ = {isa = PBXFileReference; lastKnownFileType = image.png; path = AZidong.png; sourceTree = "<group>"; };
		F02815141E9CBFE500A98EE9 /* AZidong2.png */ = {isa = PBXFileReference; lastKnownFileType = image.png; path = AZidong2.png; sourceTree = "<group>"; };
		F02815171E9CC07C00A98EE9 /* AZhileng.png */ = {isa = PBXFileReference; lastKnownFileType = image.png; path = AZhileng.png; sourceTree = "<group>"; };
		F02815181E9CC07C00A98EE9 /* AZhileng2.png */ = {isa = PBXFileReference; lastKnownFileType = image.png; path = AZhileng2.png; sourceTree = "<group>"; };
		F02815191E9CC07C00A98EE9 /* AZhire.png */ = {isa = PBXFileReference; lastKnownFileType = image.png; path = AZhire.png; sourceTree = "<group>"; };
		F028151A1E9CC07C00A98EE9 /* AZhire2.png */ = {isa = PBXFileReference; lastKnownFileType = image.png; path = AZhire2.png; sourceTree = "<group>"; };
		F028151F1E9CC0BD00A98EE9 /* aircon_temp.png */ = {isa = PBXFileReference; lastKnownFileType = image.png; path = aircon_temp.png; sourceTree = "<group>"; };
		F02815211E9DBB5100A98EE9 /* GuestBathroom.h */ = {isa = PBXFileReference; fileEncoding = 4; lastKnownFileType = sourcecode.c.h; path = GuestBathroom.h; sourceTree = "<group>"; };
		F02815221E9DBB5100A98EE9 /* GuestBathroom.m */ = {isa = PBXFileReference; fileEncoding = 4; lastKnownFileType = sourcecode.c.objc; path = GuestBathroom.m; sourceTree = "<group>"; };
		F02815241E9DBB7B00A98EE9 /* Cloakroom.h */ = {isa = PBXFileReference; fileEncoding = 4; lastKnownFileType = sourcecode.c.h; path = Cloakroom.h; sourceTree = "<group>"; };
		F02815251E9DBB7B00A98EE9 /* Cloakroom.m */ = {isa = PBXFileReference; fileEncoding = 4; lastKnownFileType = sourcecode.c.objc; path = Cloakroom.m; sourceTree = "<group>"; };
		F02815271E9DBE2200A98EE9 /* LightsButton.h */ = {isa = PBXFileReference; fileEncoding = 4; lastKnownFileType = sourcecode.c.h; path = LightsButton.h; sourceTree = "<group>"; };
		F02815281E9DBE2200A98EE9 /* LightsButton.m */ = {isa = PBXFileReference; fileEncoding = 4; lastKnownFileType = sourcecode.c.objc; path = LightsButton.m; sourceTree = "<group>"; };
		F028152A1E9DBF2200A98EE9 /* GuestBathroomLTView.xib */ = {isa = PBXFileReference; fileEncoding = 4; lastKnownFileType = file.xib; path = GuestBathroomLTView.xib; sourceTree = "<group>"; };
		F028152C1E9DBF4800A98EE9 /* CloakroomLTView.xib */ = {isa = PBXFileReference; fileEncoding = 4; lastKnownFileType = file.xib; path = CloakroomLTView.xib; sourceTree = "<group>"; };
		F028152E1E9DC37300A98EE9 /* ON.png */ = {isa = PBXFileReference; lastKnownFileType = image.png; path = ON.png; sourceTree = "<group>"; };
		F028152F1E9DC37300A98EE9 /* OFF.png */ = {isa = PBXFileReference; lastKnownFileType = image.png; path = OFF.png; sourceTree = "<group>"; };
		F02815321E9E0E7E00A98EE9 /* Bedroom.h */ = {isa = PBXFileReference; fileEncoding = 4; lastKnownFileType = sourcecode.c.h; path = Bedroom.h; sourceTree = "<group>"; };
		F02815331E9E0E7E00A98EE9 /* Bedroom.m */ = {isa = PBXFileReference; fileEncoding = 4; lastKnownFileType = sourcecode.c.objc; path = Bedroom.m; sourceTree = "<group>"; };
		F02815351E9E0E9F00A98EE9 /* MainLamp.h */ = {isa = PBXFileReference; fileEncoding = 4; lastKnownFileType = sourcecode.c.h; path = MainLamp.h; sourceTree = "<group>"; };
		F02815361E9E0EA000A98EE9 /* MainLamp.m */ = {isa = PBXFileReference; fileEncoding = 4; lastKnownFileType = sourcecode.c.objc; path = MainLamp.m; sourceTree = "<group>"; };
		F02815381E9E0EBD00A98EE9 /* Tolet.h */ = {isa = PBXFileReference; fileEncoding = 4; lastKnownFileType = sourcecode.c.h; path = Tolet.h; sourceTree = "<group>"; };
		F02815391E9E0EBD00A98EE9 /* Tolet.m */ = {isa = PBXFileReference; fileEncoding = 4; lastKnownFileType = sourcecode.c.objc; path = Tolet.m; sourceTree = "<group>"; };
		F028153B1E9E15FB00A98EE9 /* ToletLTView.xib */ = {isa = PBXFileReference; fileEncoding = 4; lastKnownFileType = file.xib; path = ToletLTView.xib; sourceTree = "<group>"; };
		F028153D1E9E17C200A98EE9 /* working.png */ = {isa = PBXFileReference; lastKnownFileType = image.png; path = working.png; sourceTree = "<group>"; };
		F028153E1E9E17C200A98EE9 /* working2.png */ = {isa = PBXFileReference; lastKnownFileType = image.png; path = working2.png; sourceTree = "<group>"; };
		F028153F1E9E17C200A98EE9 /* reception.png */ = {isa = PBXFileReference; lastKnownFileType = image.png; path = reception.png; sourceTree = "<group>"; };
		F02815401E9E17C200A98EE9 /* reception2.png */ = {isa = PBXFileReference; lastKnownFileType = image.png; path = reception2.png; sourceTree = "<group>"; };
		F02815411E9E17C200A98EE9 /* romantic.png */ = {isa = PBXFileReference; lastKnownFileType = image.png; path = romantic.png; sourceTree = "<group>"; };
		F02815421E9E17C200A98EE9 /* romantic2.png */ = {isa = PBXFileReference; lastKnownFileType = image.png; path = romantic2.png; sourceTree = "<group>"; };
		F02815431E9E17C200A98EE9 /* sleep.png */ = {isa = PBXFileReference; lastKnownFileType = image.png; path = sleep.png; sourceTree = "<group>"; };
		F02815441E9E17C200A98EE9 /* sleep2.png */ = {isa = PBXFileReference; lastKnownFileType = image.png; path = sleep2.png; sourceTree = "<group>"; };
		F028154F1E9E183D00A98EE9 /* spaClose.png */ = {isa = PBXFileReference; lastKnownFileType = image.png; path = spaClose.png; sourceTree = "<group>"; };
		F02815501E9E183D00A98EE9 /* spaClose2.png */ = {isa = PBXFileReference; lastKnownFileType = image.png; path = spaClose2.png; sourceTree = "<group>"; };
		F02815511E9E183D00A98EE9 /* spaOpen.png */ = {isa = PBXFileReference; lastKnownFileType = image.png; path = spaOpen.png; sourceTree = "<group>"; };
		F02815521E9E183D00A98EE9 /* spaOpen2.png */ = {isa = PBXFileReference; lastKnownFileType = image.png; path = spaOpen2.png; sourceTree = "<group>"; };
		F02815571E9E186400A98EE9 /* tv-.png */ = {isa = PBXFileReference; lastKnownFileType = image.png; path = "tv-.png"; sourceTree = "<group>"; };
		F02815581E9E186400A98EE9 /* tv-2.png */ = {isa = PBXFileReference; lastKnownFileType = image.png; path = "tv-2.png"; sourceTree = "<group>"; };
		F02815591E9E186400A98EE9 /* tv+.png */ = {isa = PBXFileReference; lastKnownFileType = image.png; path = "tv+.png"; sourceTree = "<group>"; };
		F028155A1E9E186400A98EE9 /* tv+2.png */ = {isa = PBXFileReference; lastKnownFileType = image.png; path = "tv+2.png"; sourceTree = "<group>"; };
		F028155F1E9E187F00A98EE9 /* voice-.png */ = {isa = PBXFileReference; lastKnownFileType = image.png; path = "voice-.png"; sourceTree = "<group>"; };
		F02815601E9E187F00A98EE9 /* voice-2.png */ = {isa = PBXFileReference; lastKnownFileType = image.png; path = "voice-2.png"; sourceTree = "<group>"; };
		F02815611E9E187F00A98EE9 /* voice+.png */ = {isa = PBXFileReference; lastKnownFileType = image.png; path = "voice+.png"; sourceTree = "<group>"; };
		F02815621E9E187F00A98EE9 /* voice+2.png */ = {isa = PBXFileReference; lastKnownFileType = image.png; path = "voice+2.png"; sourceTree = "<group>"; };
		F02815671E9E189700A98EE9 /* spa.png */ = {isa = PBXFileReference; lastKnownFileType = image.png; path = spa.png; sourceTree = "<group>"; };
		F02815681E9E189700A98EE9 /* spa2.png */ = {isa = PBXFileReference; lastKnownFileType = image.png; path = spa2.png; sourceTree = "<group>"; };
		F028156B1E9E21DF00A98EE9 /* MainLampLTView.xib */ = {isa = PBXFileReference; fileEncoding = 4; lastKnownFileType = file.xib; path = MainLampLTView.xib; sourceTree = "<group>"; };
		F028156D1E9E23E400A98EE9 /* BedroomLTView.xib */ = {isa = PBXFileReference; fileEncoding = 4; lastKnownFileType = file.xib; path = BedroomLTView.xib; sourceTree = "<group>"; };
		F02C08741E9CB5ED00F3D476 /* ADiSu.png */ = {isa = PBXFileReference; lastKnownFileType = image.png; path = ADiSu.png; sourceTree = "<group>"; };
		F02C08751E9CB5ED00F3D476 /* ADiSu2.png */ = {isa = PBXFileReference; lastKnownFileType = image.png; path = ADiSu2.png; sourceTree = "<group>"; };
		F02C08781E9CB5ED00F3D476 /* JiangWen.png */ = {isa = PBXFileReference; lastKnownFileType = image.png; path = JiangWen.png; sourceTree = "<group>"; };
		F02C08791E9CB5ED00F3D476 /* JiangWen2.png */ = {isa = PBXFileReference; lastKnownFileType = image.png; path = JiangWen2.png; sourceTree = "<group>"; };
		F02C087A1E9CB5ED00F3D476 /* model_code.png */ = {isa = PBXFileReference; lastKnownFileType = image.png; path = model_code.png; sourceTree = "<group>"; };
		F02C087B1E9CB5ED00F3D476 /* model_hot.png */ = {isa = PBXFileReference; lastKnownFileType = image.png; path = model_hot.png; sourceTree = "<group>"; };
		F02C087C1E9CB5ED00F3D476 /* model_wind.png */ = {isa = PBXFileReference; lastKnownFileType = image.png; path = model_wind.png; sourceTree = "<group>"; };
		F02C087D1E9CB5ED00F3D476 /* Shengwen.png */ = {isa = PBXFileReference; lastKnownFileType = image.png; path = Shengwen.png; sourceTree = "<group>"; };
		F02C087E1E9CB5ED00F3D476 /* Shengwen2.png */ = {isa = PBXFileReference; lastKnownFileType = image.png; path = Shengwen2.png; sourceTree = "<group>"; };
		F02C087F1E9CB5ED00F3D476 /* ATingZhi.png */ = {isa = PBXFileReference; lastKnownFileType = image.png; path = ATingZhi.png; sourceTree = "<group>"; };
		F02C08801E9CB5ED00F3D476 /* ATingZhi2.png */ = {isa = PBXFileReference; lastKnownFileType = image.png; path = ATingZhi2.png; sourceTree = "<group>"; };
		F02C08831E9CB5ED00F3D476 /* wind_speed0.png */ = {isa = PBXFileReference; lastKnownFileType = image.png; path = wind_speed0.png; sourceTree = "<group>"; };
		F02C08841E9CB5ED00F3D476 /* wind_speed1.png */ = {isa = PBXFileReference; lastKnownFileType = image.png; path = wind_speed1.png; sourceTree = "<group>"; };
		F02C08851E9CB5ED00F3D476 /* wind_speed2.png */ = {isa = PBXFileReference; lastKnownFileType = image.png; path = wind_speed2.png; sourceTree = "<group>"; };
		F02C08861E9CB5ED00F3D476 /* wind_speed3.png */ = {isa = PBXFileReference; lastKnownFileType = image.png; path = wind_speed3.png; sourceTree = "<group>"; };
		F02C08871E9CB5ED00F3D476 /* wind_speed4.png */ = {isa = PBXFileReference; lastKnownFileType = image.png; path = wind_speed4.png; sourceTree = "<group>"; };
		F02C088E1E9CB5ED00F3D476 /* AZhongSu.png */ = {isa = PBXFileReference; lastKnownFileType = image.png; path = AZhongSu.png; sourceTree = "<group>"; };
		F02C088F1E9CB5ED00F3D476 /* AZhongSu2.png */ = {isa = PBXFileReference; lastKnownFileType = image.png; path = AZhongSu2.png; sourceTree = "<group>"; };
		F06B15DE1E975B810044B677 /* LZHGRControl.app */ = {isa = PBXFileReference; explicitFileType = wrapper.application; includeInIndex = 0; path = LZHGRControl.app; sourceTree = BUILT_PRODUCTS_DIR; };
		F06B15E21E975B810044B677 /* main.m */ = {isa = PBXFileReference; lastKnownFileType = sourcecode.c.objc; path = main.m; sourceTree = "<group>"; };
		F06B15E41E975B810044B677 /* AppDelegate.h */ = {isa = PBXFileReference; lastKnownFileType = sourcecode.c.h; path = AppDelegate.h; sourceTree = "<group>"; };
		F06B15E51E975B810044B677 /* AppDelegate.m */ = {isa = PBXFileReference; lastKnownFileType = sourcecode.c.objc; path = AppDelegate.m; sourceTree = "<group>"; };
		F06B15ED1E975B810044B677 /* Assets.xcassets */ = {isa = PBXFileReference; lastKnownFileType = folder.assetcatalog; path = Assets.xcassets; sourceTree = "<group>"; };
		F06B15F01E975B810044B677 /* Base */ = {isa = PBXFileReference; lastKnownFileType = file.storyboard; name = Base; path = Base.lproj/LaunchScreen.storyboard; sourceTree = "<group>"; };
		F06B15F21E975B810044B677 /* Info.plist */ = {isa = PBXFileReference; lastKnownFileType = text.plist.xml; path = Info.plist; sourceTree = "<group>"; };
		F06B15F71E975B810044B677 /* LZHGRControlTests.xctest */ = {isa = PBXFileReference; explicitFileType = wrapper.cfbundle; includeInIndex = 0; path = LZHGRControlTests.xctest; sourceTree = BUILT_PRODUCTS_DIR; };
		F06B15FB1E975B810044B677 /* LZHGRControlTests.m */ = {isa = PBXFileReference; lastKnownFileType = sourcecode.c.objc; path = LZHGRControlTests.m; sourceTree = "<group>"; };
		F06B15FD1E975B810044B677 /* Info.plist */ = {isa = PBXFileReference; lastKnownFileType = text.plist.xml; path = Info.plist; sourceTree = "<group>"; };
		F06B16021E975B810044B677 /* LZHGRControlUITests.xctest */ = {isa = PBXFileReference; explicitFileType = wrapper.cfbundle; includeInIndex = 0; path = LZHGRControlUITests.xctest; sourceTree = BUILT_PRODUCTS_DIR; };
		F06B16061E975B810044B677 /* LZHGRControlUITests.m */ = {isa = PBXFileReference; lastKnownFileType = sourcecode.c.objc; path = LZHGRControlUITests.m; sourceTree = "<group>"; };
		F06B16081E975B810044B677 /* Info.plist */ = {isa = PBXFileReference; lastKnownFileType = text.plist.xml; path = Info.plist; sourceTree = "<group>"; };
		F06B16301E9763CD0044B677 /* CFNetwork.framework */ = {isa = PBXFileReference; lastKnownFileType = wrapper.framework; name = CFNetwork.framework; path = System/Library/Frameworks/CFNetwork.framework; sourceTree = SDKROOT; };
		F06B16331E9764240044B677 /* AsyncUdpSocket.h */ = {isa = PBXFileReference; fileEncoding = 4; lastKnownFileType = sourcecode.c.h; path = AsyncUdpSocket.h; sourceTree = "<group>"; };
		F06B16341E9764240044B677 /* AsyncUdpSocket.m */ = {isa = PBXFileReference; fileEncoding = 4; lastKnownFileType = sourcecode.c.objc; path = AsyncUdpSocket.m; sourceTree = "<group>"; };
		F06B16361E97644C0044B677 /* HGRPrefixHeader.pch */ = {isa = PBXFileReference; lastKnownFileType = sourcecode.c.h; path = HGRPrefixHeader.pch; sourceTree = "<group>"; };
		F06B16371E9765A90044B677 /* MainViewController.h */ = {isa = PBXFileReference; fileEncoding = 4; lastKnownFileType = sourcecode.c.h; path = MainViewController.h; sourceTree = "<group>"; };
		F06B16381E9765A90044B677 /* MainViewController.m */ = {isa = PBXFileReference; fileEncoding = 4; lastKnownFileType = sourcecode.c.objc; path = MainViewController.m; sourceTree = "<group>"; };
		F06B163A1E9765BE0044B677 /* AirconViewController.h */ = {isa = PBXFileReference; fileEncoding = 4; lastKnownFileType = sourcecode.c.h; path = AirconViewController.h; sourceTree = "<group>"; };
		F06B163B1E9765BE0044B677 /* AirconViewController.m */ = {isa = PBXFileReference; fileEncoding = 4; lastKnownFileType = sourcecode.c.objc; path = AirconViewController.m; sourceTree = "<group>"; };
		F06B163D1E9765D60044B677 /* LightsViewController.h */ = {isa = PBXFileReference; fileEncoding = 4; lastKnownFileType = sourcecode.c.h; path = LightsViewController.h; sourceTree = "<group>"; };
		F06B163E1E9765D60044B677 /* LightsViewController.m */ = {isa = PBXFileReference; fileEncoding = 4; lastKnownFileType = sourcecode.c.objc; path = LightsViewController.m; sourceTree = "<group>"; };
		F06B16401E9765EA0044B677 /* ServerViewController.h */ = {isa = PBXFileReference; fileEncoding = 4; lastKnownFileType = sourcecode.c.h; path = ServerViewController.h; sourceTree = "<group>"; };
		F06B16411E9765EA0044B677 /* ServerViewController.m */ = {isa = PBXFileReference; fileEncoding = 4; lastKnownFileType = sourcecode.c.objc; path = ServerViewController.m; sourceTree = "<group>"; };
		F06B16431E9765FA0044B677 /* SetViewController.h */ = {isa = PBXFileReference; fileEncoding = 4; lastKnownFileType = sourcecode.c.h; path = SetViewController.h; sourceTree = "<group>"; };
		F06B16441E9765FA0044B677 /* SetViewController.m */ = {isa = PBXFileReference; fileEncoding = 4; lastKnownFileType = sourcecode.c.objc; path = SetViewController.m; sourceTree = "<group>"; };
		F06B16471E97661B0044B677 /* light.png */ = {isa = PBXFileReference; lastKnownFileType = image.png; path = light.png; sourceTree = "<group>"; };
		F06B16481E97661B0044B677 /* server.png */ = {isa = PBXFileReference; lastKnownFileType = image.png; path = server.png; sourceTree = "<group>"; };
		F06B164A1E97661B0044B677 /* main_bk.jpg */ = {isa = PBXFileReference; lastKnownFileType = image.jpeg; path = main_bk.jpg; sourceTree = "<group>"; };
		F06B164E1E97665C0044B677 /* EquipmentInfoList.plist */ = {isa = PBXFileReference; fileEncoding = 4; lastKnownFileType = text.plist.xml; path = EquipmentInfoList.plist; sourceTree = "<group>"; };
		F06B16511E9767580044B677 /* AirconKeyboardView.h */ = {isa = PBXFileReference; fileEncoding = 4; lastKnownFileType = sourcecode.c.h; path = AirconKeyboardView.h; sourceTree = "<group>"; };
		F06B16521E9767580044B677 /* AirconKeyboardView.m */ = {isa = PBXFileReference; fileEncoding = 4; lastKnownFileType = sourcecode.c.objc; path = AirconKeyboardView.m; sourceTree = "<group>"; };
		F06B16541E9767960044B677 /* BedroomLTView.h */ = {isa = PBXFileReference; fileEncoding = 4; lastKnownFileType = sourcecode.c.h; path = BedroomLTView.h; sourceTree = "<group>"; };
		F06B16551E9767960044B677 /* BedroomLTView.m */ = {isa = PBXFileReference; fileEncoding = 4; lastKnownFileType = sourcecode.c.objc; path = BedroomLTView.m; sourceTree = "<group>"; };
		F06B16561E9767960044B677 /* CloakroomLTView.h */ = {isa = PBXFileReference; fileEncoding = 4; lastKnownFileType = sourcecode.c.h; path = CloakroomLTView.h; sourceTree = "<group>"; };
		F06B16571E9767960044B677 /* CloakroomLTView.m */ = {isa = PBXFileReference; fileEncoding = 4; lastKnownFileType = sourcecode.c.objc; path = CloakroomLTView.m; sourceTree = "<group>"; };
		F06B16581E9767960044B677 /* GuestBathroomLTView.h */ = {isa = PBXFileReference; fileEncoding = 4; lastKnownFileType = sourcecode.c.h; path = GuestBathroomLTView.h; sourceTree = "<group>"; };
		F06B16591E9767960044B677 /* GuestBathroomLTView.m */ = {isa = PBXFileReference; fileEncoding = 4; lastKnownFileType = sourcecode.c.objc; path = GuestBathroomLTView.m; sourceTree = "<group>"; };
		F06B165A1E9767960044B677 /* MainLampLTView.h */ = {isa = PBXFileReference; fileEncoding = 4; lastKnownFileType = sourcecode.c.h; path = MainLampLTView.h; sourceTree = "<group>"; };
		F06B165B1E9767960044B677 /* MainLampLTView.m */ = {isa = PBXFileReference; fileEncoding = 4; lastKnownFileType = sourcecode.c.objc; path = MainLampLTView.m; sourceTree = "<group>"; };
		F06B165C1E9767960044B677 /* LTNavigationBarView.h */ = {isa = PBXFileReference; fileEncoding = 4; lastKnownFileType = sourcecode.c.h; path = LTNavigationBarView.h; sourceTree = "<group>"; };
		F06B165D1E9767960044B677 /* LTNavigationBarView.m */ = {isa = PBXFileReference; fileEncoding = 4; lastKnownFileType = sourcecode.c.objc; path = LTNavigationBarView.m; sourceTree = "<group>"; };
		F06B165E1E9767960044B677 /* OverAllControlView.h */ = {isa = PBXFileReference; fileEncoding = 4; lastKnownFileType = sourcecode.c.h; path = OverAllControlView.h; sourceTree = "<group>"; };
		F06B165F1E9767960044B677 /* OverAllControlView.m */ = {isa = PBXFileReference; fileEncoding = 4; lastKnownFileType = sourcecode.c.objc; path = OverAllControlView.m; sourceTree = "<group>"; };
		F06B16661E9767B10044B677 /* ServerKeyboardView.h */ = {isa = PBXFileReference; fileEncoding = 4; lastKnownFileType = sourcecode.c.h; path = ServerKeyboardView.h; sourceTree = "<group>"; };
		F06B16671E9767B10044B677 /* ServerKeyboardView.m */ = {isa = PBXFileReference; fileEncoding = 4; lastKnownFileType = sourcecode.c.objc; path = ServerKeyboardView.m; sourceTree = "<group>"; };
		F06B16691E9767DB0044B677 /* SetKeyboardView.h */ = {isa = PBXFileReference; fileEncoding = 4; lastKnownFileType = sourcecode.c.h; path = SetKeyboardView.h; sourceTree = "<group>"; };
		F06B166A1E9767DB0044B677 /* SetKeyboardView.m */ = {isa = PBXFileReference; fileEncoding = 4; lastKnownFileType = sourcecode.c.objc; path = SetKeyboardView.m; sourceTree = "<group>"; };
		F06B166C1E9768030044B677 /* TitleBarView.h */ = {isa = PBXFileReference; fileEncoding = 4; lastKnownFileType = sourcecode.c.h; path = TitleBarView.h; sourceTree = "<group>"; };
		F06B166D1E9768030044B677 /* TitleBarView.m */ = {isa = PBXFileReference; fileEncoding = 4; lastKnownFileType = sourcecode.c.objc; path = TitleBarView.m; sourceTree = "<group>"; };
		F06B166F1E9768150044B677 /* ToletLTView.h */ = {isa = PBXFileReference; fileEncoding = 4; lastKnownFileType = sourcecode.c.h; path = ToletLTView.h; sourceTree = "<group>"; };
		F06B16701E9768150044B677 /* ToletLTView.m */ = {isa = PBXFileReference; fileEncoding = 4; lastKnownFileType = sourcecode.c.objc; path = ToletLTView.m; sourceTree = "<group>"; };
		F06B16721E9768330044B677 /* Aircon.h */ = {isa = PBXFileReference; fileEncoding = 4; lastKnownFileType = sourcecode.c.h; path = Aircon.h; sourceTree = "<group>"; };
		F06B16731E9768330044B677 /* Aircon.m */ = {isa = PBXFileReference; fileEncoding = 4; lastKnownFileType = sourcecode.c.objc; path = Aircon.m; sourceTree = "<group>"; };
		F06B16751E9768410044B677 /* EquipmentInfoManage.h */ = {isa = PBXFileReference; fileEncoding = 4; lastKnownFileType = sourcecode.c.h; path = EquipmentInfoManage.h; sourceTree = "<group>"; };
		F06B16761E9768410044B677 /* EquipmentInfoManage.m */ = {isa = PBXFileReference; fileEncoding = 4; lastKnownFileType = sourcecode.c.objc; path = EquipmentInfoManage.m; sourceTree = "<group>"; };
		F06B16781E9768510044B677 /* EquipmentInfo.h */ = {isa = PBXFileReference; fileEncoding = 4; lastKnownFileType = sourcecode.c.h; path = EquipmentInfo.h; sourceTree = "<group>"; };
		F06B16791E9768510044B677 /* EquipmentInfo.m */ = {isa = PBXFileReference; fileEncoding = 4; lastKnownFileType = sourcecode.c.objc; path = EquipmentInfo.m; sourceTree = "<group>"; };
		F06B167B1E97686A0044B677 /* AirconKeyboardView.xib */ = {isa = PBXFileReference; fileEncoding = 4; lastKnownFileType = file.xib; name = AirconKeyboardView.xib; path = ../AirconXib/AirconKeyboardView.xib; sourceTree = "<group>"; };
		F06B167D1E9768A50044B677 /* LTNavigationBarView.xib */ = {isa = PBXFileReference; fileEncoding = 4; lastKnownFileType = file.xib; path = LTNavigationBarView.xib; sourceTree = "<group>"; };
		F06B167F1E9768B30044B677 /* OverAllControlView.xib */ = {isa = PBXFileReference; fileEncoding = 4; lastKnownFileType = file.xib; path = OverAllControlView.xib; sourceTree = "<group>"; };
		F06B16811E9768BF0044B677 /* ServerKeyboardView.xib */ = {isa = PBXFileReference; fileEncoding = 4; lastKnownFileType = file.xib; name = ServerKeyboardView.xib; path = ../ServerXib/ServerKeyboardView.xib; sourceTree = "<group>"; };
		F06B16831E9768CC0044B677 /* SetKeyboardView.xib */ = {isa = PBXFileReference; fileEncoding = 4; lastKnownFileType = file.xib; name = SetKeyboardView.xib; path = ../SetXib/SetKeyboardView.xib; sourceTree = "<group>"; };
		F06B16851E9768E20044B677 /* TitleBarView.xib */ = {isa = PBXFileReference; fileEncoding = 4; lastKnownFileType = file.xib; name = TitleBarView.xib; path = ../MainXib/TitleBarView.xib; sourceTree = "<group>"; };
		F06B16871E976FBB0044B677 /* DMCore.h */ = {isa = PBXFileReference; fileEncoding = 4; lastKnownFileType = sourcecode.c.h; path = DMCore.h; sourceTree = "<group>"; };
		F06B16881E976FBB0044B677 /* DMCore.m */ = {isa = PBXFileReference; fileEncoding = 4; lastKnownFileType = sourcecode.c.objc; path = DMCore.m; sourceTree = "<group>"; };
		F06B168A1E9786EB0044B677 /* ACNavigationView.h */ = {isa = PBXFileReference; fileEncoding = 4; lastKnownFileType = sourcecode.c.h; path = ACNavigationView.h; sourceTree = "<group>"; };
		F06B168B1E9786EB0044B677 /* ACNavigationView.m */ = {isa = PBXFileReference; fileEncoding = 4; lastKnownFileType = sourcecode.c.objc; path = ACNavigationView.m; sourceTree = "<group>"; };
		F06B168D1E97904E0044B677 /* ACNavigationView.xib */ = {isa = PBXFileReference; fileEncoding = 4; lastKnownFileType = file.xib; name = ACNavigationView.xib; path = ../AirconXib/ACNavigationView.xib; sourceTree = "<group>"; };
		F06B168F1E9B64500044B677 /* UDPNetwork.h */ = {isa = PBXFileReference; fileEncoding = 4; lastKnownFileType = sourcecode.c.h; path = UDPNetwork.h; sourceTree = "<group>"; };
		F06B16901E9B64500044B677 /* UDPNetwork.m */ = {isa = PBXFileReference; fileEncoding = 4; lastKnownFileType = sourcecode.c.objc; path = UDPNetwork.m; sourceTree = "<group>"; };
		F06B16921E9B681B0044B677 /* NetworkInfo.plist */ = {isa = PBXFileReference; fileEncoding = 4; lastKnownFileType = text.plist.xml; path = NetworkInfo.plist; sourceTree = "<group>"; };
		F0A64BAB1E9CB2B600DD3FD3 /* LightClose.png */ = {isa = PBXFileReference; lastKnownFileType = image.png; path = LightClose.png; sourceTree = "<group>"; };
		F0A64BAC1E9CB2B600DD3FD3 /* LightClose2.png */ = {isa = PBXFileReference; lastKnownFileType = image.png; path = LightClose2.png; sourceTree = "<group>"; };
		F0A64BAD1E9CB2B600DD3FD3 /* LightOpen.png */ = {isa = PBXFileReference; lastKnownFileType = image.png; path = LightOpen.png; sourceTree = "<group>"; };
		F0A64BAE1E9CB2B600DD3FD3 /* LightOpen2.png */ = {isa = PBXFileReference; lastKnownFileType = image.png; path = LightOpen2.png; sourceTree = "<group>"; };
		F0A64BAF1E9CB2B600DD3FD3 /* Scene1.png */ = {isa = PBXFileReference; lastKnownFileType = image.png; path = Scene1.png; sourceTree = "<group>"; };
		F0A64BB01E9CB2B600DD3FD3 /* Scene12.png */ = {isa = PBXFileReference; lastKnownFileType = image.png; path = Scene12.png; sourceTree = "<group>"; };
		F0A64BB11E9CB2B600DD3FD3 /* Scene2.png */ = {isa = PBXFileReference; lastKnownFileType = image.png; path = Scene2.png; sourceTree = "<group>"; };
		F0A64BB21E9CB2B600DD3FD3 /* Scene22.png */ = {isa = PBXFileReference; lastKnownFileType = image.png; path = Scene22.png; sourceTree = "<group>"; };
		F0A64BB31E9CB2B600DD3FD3 /* Scene3.png */ = {isa = PBXFileReference; lastKnownFileType = image.png; path = Scene3.png; sourceTree = "<group>"; };
		F0A64BB41E9CB2B600DD3FD3 /* Scene32.png */ = {isa = PBXFileReference; lastKnownFileType = image.png; path = Scene32.png; sourceTree = "<group>"; };
		F0A64BB51E9CB2B600DD3FD3 /* Scene4.png */ = {isa = PBXFileReference; lastKnownFileType = image.png; path = Scene4.png; sourceTree = "<group>"; };
		F0A64BB61E9CB2B600DD3FD3 /* Scene42.png */ = {isa = PBXFileReference; lastKnownFileType = image.png; path = Scene42.png; sourceTree = "<group>"; };
		F0A64BB81E9CB2B600DD3FD3 /* Service_QL.png */ = {isa = PBXFileReference; lastKnownFileType = image.png; path = Service_QL.png; sourceTree = "<group>"; };
		F0A64BB91E9CB2B600DD3FD3 /* Service_QL2.png */ = {isa = PBXFileReference; lastKnownFileType = image.png; path = Service_QL2.png; sourceTree = "<group>"; };
		F0A64BBA1E9CB2B600DD3FD3 /* Service_SOS.png */ = {isa = PBXFileReference; lastKnownFileType = image.png; path = Service_SOS.png; sourceTree = "<group>"; };
		F0A64BBB1E9CB2B600DD3FD3 /* Service_SOS2.png */ = {isa = PBXFileReference; lastKnownFileType = image.png; path = Service_SOS2.png; sourceTree = "<group>"; };
		F0A64BBC1E9CB2B600DD3FD3 /* Service_WR.png */ = {isa = PBXFileReference; lastKnownFileType = image.png; path = Service_WR.png; sourceTree = "<group>"; };
		F0A64BBD1E9CB2B600DD3FD3 /* Service_WR2.png */ = {isa = PBXFileReference; lastKnownFileType = image.png; path = Service_WR2.png; sourceTree = "<group>"; };
/* End PBXFileReference section */

/* Begin PBXFrameworksBuildPhase section */
		F06B15DB1E975B810044B677 /* Frameworks */ = {
			isa = PBXFrameworksBuildPhase;
			buildActionMask = 2147483647;
			files = (
				F06B16311E9763CD0044B677 /* CFNetwork.framework in Frameworks */,
			);
			runOnlyForDeploymentPostprocessing = 0;
		};
		F06B15F41E975B810044B677 /* Frameworks */ = {
			isa = PBXFrameworksBuildPhase;
			buildActionMask = 2147483647;
			files = (
			);
			runOnlyForDeploymentPostprocessing = 0;
		};
		F06B15FF1E975B810044B677 /* Frameworks */ = {
			isa = PBXFrameworksBuildPhase;
			buildActionMask = 2147483647;
			files = (
			);
			runOnlyForDeploymentPostprocessing = 0;
		};
/* End PBXFrameworksBuildPhase section */

/* Begin PBXGroup section */
		F028154D1E9E17F400A98EE9 /* Tolet */ = {
			isa = PBXGroup;
			children = (
				F02815601E9E187F00A98EE9 /* voice-2.png */,
				F028155F1E9E187F00A98EE9 /* voice-.png */,
				F02815611E9E187F00A98EE9 /* voice+.png */,
				F02815621E9E187F00A98EE9 /* voice+2.png */,
				F02815571E9E186400A98EE9 /* tv-.png */,
				F02815581E9E186400A98EE9 /* tv-2.png */,
				F02815671E9E189700A98EE9 /* spa.png */,
				F02815681E9E189700A98EE9 /* spa2.png */,
				F02815591E9E186400A98EE9 /* tv+.png */,
				F028155A1E9E186400A98EE9 /* tv+2.png */,
				F028154F1E9E183D00A98EE9 /* spaClose.png */,
				F02815501E9E183D00A98EE9 /* spaClose2.png */,
				F02815511E9E183D00A98EE9 /* spaOpen.png */,
				F02815521E9E183D00A98EE9 /* spaOpen2.png */,
			);
			name = Tolet;
			sourceTree = "<group>";
		};
		F028154E1E9E180800A98EE9 /* Bedromm */ = {
			isa = PBXGroup;
			children = (
				F028153D1E9E17C200A98EE9 /* working.png */,
				F028153E1E9E17C200A98EE9 /* working2.png */,
				F028153F1E9E17C200A98EE9 /* reception.png */,
				F02815401E9E17C200A98EE9 /* reception2.png */,
				F02815411E9E17C200A98EE9 /* romantic.png */,
				F02815421E9E17C200A98EE9 /* romantic2.png */,
				F02815431E9E17C200A98EE9 /* sleep.png */,
				F02815441E9E17C200A98EE9 /* sleep2.png */,
			);
			name = Bedromm;
			sourceTree = "<group>";
		};
		F02C08721E9CB5ED00F3D476 /* AirconImages */ = {
			isa = PBXGroup;
			children = (
				F02815171E9CC07C00A98EE9 /* AZhileng.png */,
				F02815181E9CC07C00A98EE9 /* AZhileng2.png */,
				F02815191E9CC07C00A98EE9 /* AZhire.png */,
				F028151A1E9CC07C00A98EE9 /* AZhire2.png */,
				F02815131E9CBFE500A98EE9 /* AZidong.png */,
				F02815141E9CBFE500A98EE9 /* AZidong2.png */,
				F02C08741E9CB5ED00F3D476 /* ADiSu.png */,
				F02C08751E9CB5ED00F3D476 /* ADiSu2.png */,
				F028150F1E9CBDFF00A98EE9 /* AGaosu.png */,
				F02815101E9CBDFF00A98EE9 /* AGaosu2.png */,
				F028150B1E9CBD4200A98EE9 /* ATongfeng.png */,
				F028150C1E9CBD4200A98EE9 /* ATongfeng2.png */,
				F028151F1E9CC0BD00A98EE9 /* aircon_temp.png */,
				F02C08781E9CB5ED00F3D476 /* JiangWen.png */,
				F02C08791E9CB5ED00F3D476 /* JiangWen2.png */,
				F02C087A1E9CB5ED00F3D476 /* model_code.png */,
				F02C087B1E9CB5ED00F3D476 /* model_hot.png */,
				F02C087C1E9CB5ED00F3D476 /* model_wind.png */,
				F02C087D1E9CB5ED00F3D476 /* Shengwen.png */,
				F02C087E1E9CB5ED00F3D476 /* Shengwen2.png */,
				F02C087F1E9CB5ED00F3D476 /* ATingZhi.png */,
				F02C08801E9CB5ED00F3D476 /* ATingZhi2.png */,
				F02C08831E9CB5ED00F3D476 /* wind_speed0.png */,
				F02C08841E9CB5ED00F3D476 /* wind_speed1.png */,
				F02C08851E9CB5ED00F3D476 /* wind_speed2.png */,
				F02C08861E9CB5ED00F3D476 /* wind_speed3.png */,
				F02C08871E9CB5ED00F3D476 /* wind_speed4.png */,
				F02C088E1E9CB5ED00F3D476 /* AZhongSu.png */,
				F02C088F1E9CB5ED00F3D476 /* AZhongSu2.png */,
			);
			path = AirconImages;
			sourceTree = "<group>";
		};
		F06B15D51E975B800044B677 = {
			isa = PBXGroup;
			children = (
				F06B15E01E975B810044B677 /* LZHGRControl */,
				F06B15FA1E975B810044B677 /* LZHGRControlTests */,
				F06B16051E975B810044B677 /* LZHGRControlUITests */,
				F06B15DF1E975B810044B677 /* Products */,
				F06B162F1E9763CD0044B677 /* Frameworks */,
			);
			sourceTree = "<group>";
		};
		F06B15DF1E975B810044B677 /* Products */ = {
			isa = PBXGroup;
			children = (
				F06B15DE1E975B810044B677 /* LZHGRControl.app */,
				F06B15F71E975B810044B677 /* LZHGRControlTests.xctest */,
				F06B16021E975B810044B677 /* LZHGRControlUITests.xctest */,
			);
			name = Products;
			sourceTree = "<group>";
		};
		F06B15E01E975B810044B677 /* LZHGRControl */ = {
			isa = PBXGroup;
			children = (
				F06B16321E9764240044B677 /* AsyncUdpSocket */,
				F06B16221E97608A0044B677 /* LZPch */,
				F06B161E1E97608A0044B677 /* LZMain */,
				F06B16141E97608A0044B677 /* LZAircon */,
				F06B16191E97608A0044B677 /* LZLights */,
				F06B16281E97608A0044B677 /* LZSet */,
				F06B16231E97608A0044B677 /* LZServer */,
				F06B162E1E97636D0044B677 /* LZImages */,
				F06B162D1E97608A0044B677 /* Others */,
				F06B15E41E975B810044B677 /* AppDelegate.h */,
				F06B15E51E975B810044B677 /* AppDelegate.m */,
				F06B15ED1E975B810044B677 /* Assets.xcassets */,
				F06B15EF1E975B810044B677 /* LaunchScreen.storyboard */,
				F06B15F21E975B810044B677 /* Info.plist */,
				F06B15E11E975B810044B677 /* Supporting Files */,
			);
			path = LZHGRControl;
			sourceTree = "<group>";
		};
		F06B15E11E975B810044B677 /* Supporting Files */ = {
			isa = PBXGroup;
			children = (
				F06B15E21E975B810044B677 /* main.m */,
			);
			name = "Supporting Files";
			sourceTree = "<group>";
		};
		F06B15FA1E975B810044B677 /* LZHGRControlTests */ = {
			isa = PBXGroup;
			children = (
				F06B15FB1E975B810044B677 /* LZHGRControlTests.m */,
				F06B15FD1E975B810044B677 /* Info.plist */,
			);
			path = LZHGRControlTests;
			sourceTree = "<group>";
		};
		F06B16051E975B810044B677 /* LZHGRControlUITests */ = {
			isa = PBXGroup;
			children = (
				F06B16061E975B810044B677 /* LZHGRControlUITests.m */,
				F06B16081E975B810044B677 /* Info.plist */,
			);
			path = LZHGRControlUITests;
			sourceTree = "<group>";
		};
		F06B16141E97608A0044B677 /* LZAircon */ = {
			isa = PBXGroup;
			children = (
				F06B16151E97608A0044B677 /* AirconControllers */,
				F06B16161E97608A0044B677 /* AirconModel */,
				F06B16171E97608A0044B677 /* AirconView */,
			);
			path = LZAircon;
			sourceTree = "<group>";
		};
		F06B16151E97608A0044B677 /* AirconControllers */ = {
			isa = PBXGroup;
			children = (
				F06B163A1E9765BE0044B677 /* AirconViewController.h */,
				F06B163B1E9765BE0044B677 /* AirconViewController.m */,
			);
			path = AirconControllers;
			sourceTree = "<group>";
		};
		F06B16161E97608A0044B677 /* AirconModel */ = {
			isa = PBXGroup;
			children = (
				F06B16721E9768330044B677 /* Aircon.h */,
				F06B16731E9768330044B677 /* Aircon.m */,
			);
			path = AirconModel;
			sourceTree = "<group>";
		};
		F06B16171E97608A0044B677 /* AirconView */ = {
			isa = PBXGroup;
			children = (
				F06B167B1E97686A0044B677 /* AirconKeyboardView.xib */,
				F06B168D1E97904E0044B677 /* ACNavigationView.xib */,
				F06B16511E9767580044B677 /* AirconKeyboardView.h */,
				F06B16521E9767580044B677 /* AirconKeyboardView.m */,
				F06B168A1E9786EB0044B677 /* ACNavigationView.h */,
				F06B168B1E9786EB0044B677 /* ACNavigationView.m */,
			);
			path = AirconView;
			sourceTree = "<group>";
		};
		F06B16191E97608A0044B677 /* LZLights */ = {
			isa = PBXGroup;
			children = (
				F06B161A1E97608A0044B677 /* LightsControllers */,
				F06B161B1E97608A0044B677 /* LightsModel */,
				F06B161C1E97608A0044B677 /* LightsView */,
				F06B161D1E97608A0044B677 /* LightsXib */,
			);
			path = LZLights;
			sourceTree = "<group>";
		};
		F06B161A1E97608A0044B677 /* LightsControllers */ = {
			isa = PBXGroup;
			children = (
				F06B163D1E9765D60044B677 /* LightsViewController.h */,
				F06B163E1E9765D60044B677 /* LightsViewController.m */,
			);
			path = LightsControllers;
			sourceTree = "<group>";
		};
		F06B161B1E97608A0044B677 /* LightsModel */ = {
			isa = PBXGroup;
			children = (
				F02815211E9DBB5100A98EE9 /* GuestBathroom.h */,
				F02815221E9DBB5100A98EE9 /* GuestBathroom.m */,
				F02815241E9DBB7B00A98EE9 /* Cloakroom.h */,
				F02815251E9DBB7B00A98EE9 /* Cloakroom.m */,
				F02815271E9DBE2200A98EE9 /* LightsButton.h */,
				F02815281E9DBE2200A98EE9 /* LightsButton.m */,
				F02815321E9E0E7E00A98EE9 /* Bedroom.h */,
				F02815331E9E0E7E00A98EE9 /* Bedroom.m */,
				F02815351E9E0E9F00A98EE9 /* MainLamp.h */,
				F02815361E9E0EA000A98EE9 /* MainLamp.m */,
				F02815381E9E0EBD00A98EE9 /* Tolet.h */,
				F02815391E9E0EBD00A98EE9 /* Tolet.m */,
			);
			path = LightsModel;
			sourceTree = "<group>";
		};
		F06B161C1E97608A0044B677 /* LightsView */ = {
			isa = PBXGroup;
			children = (
				F06B16541E9767960044B677 /* BedroomLTView.h */,
				F06B16551E9767960044B677 /* BedroomLTView.m */,
				F06B165A1E9767960044B677 /* MainLampLTView.h */,
				F06B165B1E9767960044B677 /* MainLampLTView.m */,
				F06B166F1E9768150044B677 /* ToletLTView.h */,
				F06B16701E9768150044B677 /* ToletLTView.m */,
				F06B16561E9767960044B677 /* CloakroomLTView.h */,
				F06B16571E9767960044B677 /* CloakroomLTView.m */,
				F06B16581E9767960044B677 /* GuestBathroomLTView.h */,
				F06B16591E9767960044B677 /* GuestBathroomLTView.m */,
				F06B165C1E9767960044B677 /* LTNavigationBarView.h */,
				F06B165D1E9767960044B677 /* LTNavigationBarView.m */,
				F06B165E1E9767960044B677 /* OverAllControlView.h */,
				F06B165F1E9767960044B677 /* OverAllControlView.m */,
			);
			path = LightsView;
			sourceTree = "<group>";
		};
		F06B161D1E97608A0044B677 /* LightsXib */ = {
			isa = PBXGroup;
			children = (
				F06B167F1E9768B30044B677 /* OverAllControlView.xib */,
				F06B167D1E9768A50044B677 /* LTNavigationBarView.xib */,
				F028156D1E9E23E400A98EE9 /* BedroomLTView.xib */,
				F028156B1E9E21DF00A98EE9 /* MainLampLTView.xib */,
				F028153B1E9E15FB00A98EE9 /* ToletLTView.xib */,
				F028152A1E9DBF2200A98EE9 /* GuestBathroomLTView.xib */,
				F028152C1E9DBF4800A98EE9 /* CloakroomLTView.xib */,
			);
			path = LightsXib;
			sourceTree = "<group>";
		};
		F06B161E1E97608A0044B677 /* LZMain */ = {
			isa = PBXGroup;
			children = (
				F06B161F1E97608A0044B677 /* MainControllers */,
				F06B16201E97608A0044B677 /* MainModel */,
				F06B16211E97608A0044B677 /* MainView */,
				F06B16501E9766C30044B677 /* MainXib */,
			);
			path = LZMain;
			sourceTree = "<group>";
		};
		F06B161F1E97608A0044B677 /* MainControllers */ = {
			isa = PBXGroup;
			children = (
				F06B16371E9765A90044B677 /* MainViewController.h */,
				F06B16381E9765A90044B677 /* MainViewController.m */,
			);
			path = MainControllers;
			sourceTree = "<group>";
		};
		F06B16201E97608A0044B677 /* MainModel */ = {
			isa = PBXGroup;
			children = (
				F06B16781E9768510044B677 /* EquipmentInfo.h */,
				F06B16791E9768510044B677 /* EquipmentInfo.m */,
				F06B16751E9768410044B677 /* EquipmentInfoManage.h */,
				F06B16761E9768410044B677 /* EquipmentInfoManage.m */,
			);
			path = MainModel;
			sourceTree = "<group>";
		};
		F06B16211E97608A0044B677 /* MainView */ = {
			isa = PBXGroup;
			children = (
				F06B166C1E9768030044B677 /* TitleBarView.h */,
				F06B166D1E9768030044B677 /* TitleBarView.m */,
				F06B16851E9768E20044B677 /* TitleBarView.xib */,
			);
			path = MainView;
			sourceTree = "<group>";
		};
		F06B16221E97608A0044B677 /* LZPch */ = {
			isa = PBXGroup;
			children = (
				F06B16361E97644C0044B677 /* HGRPrefixHeader.pch */,
			);
			path = LZPch;
			sourceTree = "<group>";
		};
		F06B16231E97608A0044B677 /* LZServer */ = {
			isa = PBXGroup;
			children = (
				F06B16241E97608A0044B677 /* ServerControllers */,
				F06B16251E97608A0044B677 /* ServerModel */,
				F06B16261E97608A0044B677 /* ServerView */,
			);
			path = LZServer;
			sourceTree = "<group>";
		};
		F06B16241E97608A0044B677 /* ServerControllers */ = {
			isa = PBXGroup;
			children = (
				F06B16401E9765EA0044B677 /* ServerViewController.h */,
				F06B16411E9765EA0044B677 /* ServerViewController.m */,
			);
			path = ServerControllers;
			sourceTree = "<group>";
		};
		F06B16251E97608A0044B677 /* ServerModel */ = {
			isa = PBXGroup;
			children = (
			);
			path = ServerModel;
			sourceTree = "<group>";
		};
		F06B16261E97608A0044B677 /* ServerView */ = {
			isa = PBXGroup;
			children = (
				F06B16811E9768BF0044B677 /* ServerKeyboardView.xib */,
				F06B16661E9767B10044B677 /* ServerKeyboardView.h */,
				F06B16671E9767B10044B677 /* ServerKeyboardView.m */,
			);
			path = ServerView;
			sourceTree = "<group>";
		};
		F06B16281E97608A0044B677 /* LZSet */ = {
			isa = PBXGroup;
			children = (
				F06B16291E97608A0044B677 /* SetControllers */,
				F06B162A1E97608A0044B677 /* SetModel */,
				F06B162B1E97608A0044B677 /* SetView */,
			);
			path = LZSet;
			sourceTree = "<group>";
		};
		F06B16291E97608A0044B677 /* SetControllers */ = {
			isa = PBXGroup;
			children = (
				F06B16431E9765FA0044B677 /* SetViewController.h */,
				F06B16441E9765FA0044B677 /* SetViewController.m */,
			);
			path = SetControllers;
			sourceTree = "<group>";
		};
		F06B162A1E97608A0044B677 /* SetModel */ = {
			isa = PBXGroup;
			children = (
			);
			path = SetModel;
			sourceTree = "<group>";
		};
		F06B162B1E97608A0044B677 /* SetView */ = {
			isa = PBXGroup;
			children = (
				F06B16691E9767DB0044B677 /* SetKeyboardView.h */,
				F06B166A1E9767DB0044B677 /* SetKeyboardView.m */,
				F06B16831E9768CC0044B677 /* SetKeyboardView.xib */,
			);
			path = SetView;
			sourceTree = "<group>";
		};
		F06B162D1E97608A0044B677 /* Others */ = {
			isa = PBXGroup;
			children = (
				F06B164E1E97665C0044B677 /* EquipmentInfoList.plist */,
				F06B16921E9B681B0044B677 /* NetworkInfo.plist */,
				F06B16871E976FBB0044B677 /* DMCore.h */,
				F06B16881E976FBB0044B677 /* DMCore.m */,
				F06B168F1E9B64500044B677 /* UDPNetwork.h */,
				F06B16901E9B64500044B677 /* UDPNetwork.m */,
			);
			path = Others;
			sourceTree = "<group>";
		};
		F06B162E1E97636D0044B677 /* LZImages */ = {
			isa = PBXGroup;
			children = (
				F02C08721E9CB5ED00F3D476 /* AirconImages */,
				F0A64BAA1E9CB2B600DD3FD3 /* LightsImages */,
				F0A64BB71E9CB2B600DD3FD3 /* ServerImages */,
				F06B16461E97661B0044B677 /* EquipmentImages */,
				F06B16491E97661B0044B677 /* MainViewBackground */,
			);
			path = LZImages;
			sourceTree = "<group>";
		};
		F06B162F1E9763CD0044B677 /* Frameworks */ = {
			isa = PBXGroup;
			children = (
				F06B16301E9763CD0044B677 /* CFNetwork.framework */,
			);
			name = Frameworks;
			sourceTree = "<group>";
		};
		F06B16321E9764240044B677 /* AsyncUdpSocket */ = {
			isa = PBXGroup;
			children = (
				F06B16331E9764240044B677 /* AsyncUdpSocket.h */,
				F06B16341E9764240044B677 /* AsyncUdpSocket.m */,
			);
			path = AsyncUdpSocket;
			sourceTree = "<group>";
		};
		F06B16461E97661B0044B677 /* EquipmentImages */ = {
			isa = PBXGroup;
			children = (
				F06B16471E97661B0044B677 /* light.png */,
				F06B16481E97661B0044B677 /* server.png */,
			);
			path = EquipmentImages;
			sourceTree = "<group>";
		};
		F06B16491E97661B0044B677 /* MainViewBackground */ = {
			isa = PBXGroup;
			children = (
				F06B164A1E97661B0044B677 /* main_bk.jpg */,
			);
			path = MainViewBackground;
			sourceTree = "<group>";
		};
		F06B16501E9766C30044B677 /* MainXib */ = {
			isa = PBXGroup;
			children = (
			);
			path = MainXib;
			sourceTree = "<group>";
		};
		F0A64BAA1E9CB2B600DD3FD3 /* LightsImages */ = {
			isa = PBXGroup;
			children = (
				F028154E1E9E180800A98EE9 /* Bedromm */,
				F028154D1E9E17F400A98EE9 /* Tolet */,
				F028152E1E9DC37300A98EE9 /* ON.png */,
				F028152F1E9DC37300A98EE9 /* OFF.png */,
				F0A64BAB1E9CB2B600DD3FD3 /* LightClose.png */,
				F0A64BAC1E9CB2B600DD3FD3 /* LightClose2.png */,
				F0A64BAD1E9CB2B600DD3FD3 /* LightOpen.png */,
				F0A64BAE1E9CB2B600DD3FD3 /* LightOpen2.png */,
				F0A64BAF1E9CB2B600DD3FD3 /* Scene1.png */,
				F0A64BB01E9CB2B600DD3FD3 /* Scene12.png */,
				F0A64BB11E9CB2B600DD3FD3 /* Scene2.png */,
				F0A64BB21E9CB2B600DD3FD3 /* Scene22.png */,
				F0A64BB31E9CB2B600DD3FD3 /* Scene3.png */,
				F0A64BB41E9CB2B600DD3FD3 /* Scene32.png */,
				F0A64BB51E9CB2B600DD3FD3 /* Scene4.png */,
				F0A64BB61E9CB2B600DD3FD3 /* Scene42.png */,
			);
			path = LightsImages;
			sourceTree = "<group>";
		};
		F0A64BB71E9CB2B600DD3FD3 /* ServerImages */ = {
			isa = PBXGroup;
			children = (
				F0A64BB81E9CB2B600DD3FD3 /* Service_QL.png */,
				F0A64BB91E9CB2B600DD3FD3 /* Service_QL2.png */,
				F0A64BBA1E9CB2B600DD3FD3 /* Service_SOS.png */,
				F0A64BBB1E9CB2B600DD3FD3 /* Service_SOS2.png */,
				F0A64BBC1E9CB2B600DD3FD3 /* Service_WR.png */,
				F0A64BBD1E9CB2B600DD3FD3 /* Service_WR2.png */,
			);
			path = ServerImages;
			sourceTree = "<group>";
		};
/* End PBXGroup section */

/* Begin PBXNativeTarget section */
		F06B15DD1E975B810044B677 /* LZHGRControl */ = {
			isa = PBXNativeTarget;
			buildConfigurationList = F06B160B1E975B810044B677 /* Build configuration list for PBXNativeTarget "LZHGRControl" */;
			buildPhases = (
				F06B15DA1E975B810044B677 /* Sources */,
				F06B15DB1E975B810044B677 /* Frameworks */,
				F06B15DC1E975B810044B677 /* Resources */,
			);
			buildRules = (
			);
			dependencies = (
			);
			name = LZHGRControl;
			productName = LZHGRControl;
			productReference = F06B15DE1E975B810044B677 /* LZHGRControl.app */;
			productType = "com.apple.product-type.application";
		};
		F06B15F61E975B810044B677 /* LZHGRControlTests */ = {
			isa = PBXNativeTarget;
			buildConfigurationList = F06B160E1E975B810044B677 /* Build configuration list for PBXNativeTarget "LZHGRControlTests" */;
			buildPhases = (
				F06B15F31E975B810044B677 /* Sources */,
				F06B15F41E975B810044B677 /* Frameworks */,
				F06B15F51E975B810044B677 /* Resources */,
			);
			buildRules = (
			);
			dependencies = (
				F06B15F91E975B810044B677 /* PBXTargetDependency */,
			);
			name = LZHGRControlTests;
			productName = LZHGRControlTests;
			productReference = F06B15F71E975B810044B677 /* LZHGRControlTests.xctest */;
			productType = "com.apple.product-type.bundle.unit-test";
		};
		F06B16011E975B810044B677 /* LZHGRControlUITests */ = {
			isa = PBXNativeTarget;
			buildConfigurationList = F06B16111E975B810044B677 /* Build configuration list for PBXNativeTarget "LZHGRControlUITests" */;
			buildPhases = (
				F06B15FE1E975B810044B677 /* Sources */,
				F06B15FF1E975B810044B677 /* Frameworks */,
				F06B16001E975B810044B677 /* Resources */,
			);
			buildRules = (
			);
			dependencies = (
				F06B16041E975B810044B677 /* PBXTargetDependency */,
			);
			name = LZHGRControlUITests;
			productName = LZHGRControlUITests;
			productReference = F06B16021E975B810044B677 /* LZHGRControlUITests.xctest */;
			productType = "com.apple.product-type.bundle.ui-testing";
		};
/* End PBXNativeTarget section */

/* Begin PBXProject section */
		F06B15D61E975B800044B677 /* Project object */ = {
			isa = PBXProject;
			attributes = {
				LastUpgradeCheck = 0810;
				ORGANIZATIONNAME = yavatop;
				TargetAttributes = {
					F06B15DD1E975B810044B677 = {
						CreatedOnToolsVersion = 8.1;
						DevelopmentTeam = E47JKL8BW9;
						ProvisioningStyle = Automatic;
					};
					F06B15F61E975B810044B677 = {
						CreatedOnToolsVersion = 8.1;
						DevelopmentTeam = E47JKL8BW9;
						ProvisioningStyle = Automatic;
						TestTargetID = F06B15DD1E975B810044B677;
					};
					F06B16011E975B810044B677 = {
						CreatedOnToolsVersion = 8.1;
						DevelopmentTeam = E47JKL8BW9;
						ProvisioningStyle = Automatic;
						TestTargetID = F06B15DD1E975B810044B677;
					};
				};
			};
			buildConfigurationList = F06B15D91E975B800044B677 /* Build configuration list for PBXProject "LZHGRControl" */;
			compatibilityVersion = "Xcode 3.2";
			developmentRegion = English;
			hasScannedForEncodings = 0;
			knownRegions = (
				en,
				Base,
			);
			mainGroup = F06B15D51E975B800044B677;
			productRefGroup = F06B15DF1E975B810044B677 /* Products */;
			projectDirPath = "";
			projectRoot = "";
			targets = (
				F06B15DD1E975B810044B677 /* LZHGRControl */,
				F06B15F61E975B810044B677 /* LZHGRControlTests */,
				F06B16011E975B810044B677 /* LZHGRControlUITests */,
			);
		};
/* End PBXProject section */

/* Begin PBXResourcesBuildPhase section */
		F06B15DC1E975B810044B677 /* Resources */ = {
			isa = PBXResourcesBuildPhase;
			buildActionMask = 2147483647;
			files = (
				F06B164B1E97661B0044B677 /* light.png in Resources */,
				F02C089A1E9CB5ED00F3D476 /* model_hot.png in Resources */,
				F02815471E9E17C200A98EE9 /* reception.png in Resources */,
				F028154C1E9E17C200A98EE9 /* sleep2.png in Resources */,
				F02815451E9E17C200A98EE9 /* working.png in Resources */,
				F06B15F11E975B810044B677 /* LaunchScreen.storyboard in Resources */,
				F028151E1E9CC07C00A98EE9 /* AZhire2.png in Resources */,
				F06B16821E9768BF0044B677 /* ServerKeyboardView.xib in Resources */,
				F02C089B1E9CB5ED00F3D476 /* model_wind.png in Resources */,
				F06B15EE1E975B810044B677 /* Assets.xcassets in Resources */,
				F06B16841E9768CC0044B677 /* SetKeyboardView.xib in Resources */,
				F028156E1E9E23E400A98EE9 /* BedroomLTView.xib in Resources */,
				F028151C1E9CC07C00A98EE9 /* AZhileng2.png in Resources */,
				F028154A1E9E17C200A98EE9 /* romantic2.png in Resources */,
				F02815561E9E183D00A98EE9 /* spaOpen2.png in Resources */,
				F06B164C1E97661B0044B677 /* server.png in Resources */,
				F0A64BC51E9CB2B600DD3FD3 /* Scene22.png in Resources */,
				F0A64BBE1E9CB2B600DD3FD3 /* LightClose.png in Resources */,
				F0A64BC21E9CB2B600DD3FD3 /* Scene1.png in Resources */,
				F02815641E9E187F00A98EE9 /* voice-2.png in Resources */,
				F02C08AD1E9CB5ED00F3D476 /* AZhongSu.png in Resources */,
				F02815111E9CBDFF00A98EE9 /* AGaosu.png in Resources */,
				F02815151E9CBFE500A98EE9 /* AZidong.png in Resources */,
				F0A64BCE1E9CB2B600DD3FD3 /* Service_WR.png in Resources */,
				F0A64BBF1E9CB2B600DD3FD3 /* LightClose2.png in Resources */,
				F02815201E9CC0BD00A98EE9 /* aircon_temp.png in Resources */,
				F02C08A61E9CB5ED00F3D476 /* wind_speed4.png in Resources */,
				F02815481E9E17C200A98EE9 /* reception2.png in Resources */,
				F028155E1E9E186400A98EE9 /* tv+2.png in Resources */,
				F02C08A21E9CB5ED00F3D476 /* wind_speed0.png in Resources */,
				F02815541E9E183D00A98EE9 /* spaClose2.png in Resources */,
				F02815301E9DC37300A98EE9 /* ON.png in Resources */,
				F02815691E9E189700A98EE9 /* spa.png in Resources */,
				F0A64BCD1E9CB2B600DD3FD3 /* Service_SOS2.png in Resources */,
				F0A64BCC1E9CB2B600DD3FD3 /* Service_SOS.png in Resources */,
				F0A64BC81E9CB2B600DD3FD3 /* Scene4.png in Resources */,
				F028156A1E9E189700A98EE9 /* spa2.png in Resources */,
				F06B16801E9768B30044B677 /* OverAllControlView.xib in Resources */,
				F0A64BC11E9CB2B600DD3FD3 /* LightOpen2.png in Resources */,
				F0A64BC01E9CB2B600DD3FD3 /* LightOpen.png in Resources */,
				F06B16861E9768E20044B677 /* TitleBarView.xib in Resources */,
				F02815121E9CBDFF00A98EE9 /* AGaosu2.png in Resources */,
				F02C08931E9CB5ED00F3D476 /* ADiSu.png in Resources */,
				F0A64BCB1E9CB2B600DD3FD3 /* Service_QL2.png in Resources */,
				F028150E1E9CBD4200A98EE9 /* ATongfeng2.png in Resources */,
				F028155C1E9E186400A98EE9 /* tv-2.png in Resources */,
				F02815631E9E187F00A98EE9 /* voice-.png in Resources */,
				F0A64BCF1E9CB2B600DD3FD3 /* Service_WR2.png in Resources */,
				F02C08AE1E9CB5ED00F3D476 /* AZhongSu2.png in Resources */,
				F02C08991E9CB5ED00F3D476 /* model_code.png in Resources */,
				F06B168E1E97904E0044B677 /* ACNavigationView.xib in Resources */,
				F028151B1E9CC07C00A98EE9 /* AZhileng.png in Resources */,
				F02815551E9E183D00A98EE9 /* spaOpen.png in Resources */,
				F028154B1E9E17C200A98EE9 /* sleep.png in Resources */,
				F0A64BC41E9CB2B600DD3FD3 /* Scene2.png in Resources */,
				F02815461E9E17C200A98EE9 /* working2.png in Resources */,
				F06B16931E9B681B0044B677 /* NetworkInfo.plist in Resources */,
				F028151D1E9CC07C00A98EE9 /* AZhire.png in Resources */,
				F06B167E1E9768A50044B677 /* LTNavigationBarView.xib in Resources */,
				F028152B1E9DBF2200A98EE9 /* GuestBathroomLTView.xib in Resources */,
				F02C089F1E9CB5ED00F3D476 /* ATingZhi2.png in Resources */,
				F028152D1E9DBF4800A98EE9 /* CloakroomLTView.xib in Resources */,
				F028156C1E9E21DF00A98EE9 /* MainLampLTView.xib in Resources */,
				F0A64BC31E9CB2B600DD3FD3 /* Scene12.png in Resources */,
				F06B164D1E97661B0044B677 /* main_bk.jpg in Resources */,
				F028150D1E9CBD4200A98EE9 /* ATongfeng.png in Resources */,
				F02815651E9E187F00A98EE9 /* voice+.png in Resources */,
				F02C08A31E9CB5ED00F3D476 /* wind_speed1.png in Resources */,
				F02815311E9DC37300A98EE9 /* OFF.png in Resources */,
				F02C08981E9CB5ED00F3D476 /* JiangWen2.png in Resources */,
				F0A64BC91E9CB2B600DD3FD3 /* Scene42.png in Resources */,
				F02C089C1E9CB5ED00F3D476 /* Shengwen.png in Resources */,
				F02C089E1E9CB5ED00F3D476 /* ATingZhi.png in Resources */,
				F02C08A51E9CB5ED00F3D476 /* wind_speed3.png in Resources */,
				F02C089D1E9CB5ED00F3D476 /* Shengwen2.png in Resources */,
				F02815531E9E183D00A98EE9 /* spaClose.png in Resources */,
				F06B164F1E97665C0044B677 /* EquipmentInfoList.plist in Resources */,
				F028155D1E9E186400A98EE9 /* tv+.png in Resources */,
				F028155B1E9E186400A98EE9 /* tv-.png in Resources */,
				F02C08971E9CB5ED00F3D476 /* JiangWen.png in Resources */,
				F02815661E9E187F00A98EE9 /* voice+2.png in Resources */,
				F0A64BC71E9CB2B600DD3FD3 /* Scene32.png in Resources */,
				F02815491E9E17C200A98EE9 /* romantic.png in Resources */,
				F028153C1E9E15FB00A98EE9 /* ToletLTView.xib in Resources */,
				F06B167C1E97686A0044B677 /* AirconKeyboardView.xib in Resources */,
				F0A64BC61E9CB2B600DD3FD3 /* Scene3.png in Resources */,
				F0A64BCA1E9CB2B600DD3FD3 /* Service_QL.png in Resources */,
				F02C08A41E9CB5ED00F3D476 /* wind_speed2.png in Resources */,
				F02815161E9CBFE500A98EE9 /* AZidong2.png in Resources */,
				F02C08941E9CB5ED00F3D476 /* ADiSu2.png in Resources */,
			);
			runOnlyForDeploymentPostprocessing = 0;
		};
		F06B15F51E975B810044B677 /* Resources */ = {
			isa = PBXResourcesBuildPhase;
			buildActionMask = 2147483647;
			files = (
			);
			runOnlyForDeploymentPostprocessing = 0;
		};
		F06B16001E975B810044B677 /* Resources */ = {
			isa = PBXResourcesBuildPhase;
			buildActionMask = 2147483647;
			files = (
			);
			runOnlyForDeploymentPostprocessing = 0;
		};
/* End PBXResourcesBuildPhase section */

/* Begin PBXSourcesBuildPhase section */
		F06B15DA1E975B810044B677 /* Sources */ = {
			isa = PBXSourcesBuildPhase;
			buildActionMask = 2147483647;
			files = (
				F02815371E9E0EA000A98EE9 /* MainLamp.m in Sources */,
				F06B166B1E9767DB0044B677 /* SetKeyboardView.m in Sources */,
				F06B163C1E9765BE0044B677 /* AirconViewController.m in Sources */,
				F06B167A1E9768510044B677 /* EquipmentInfo.m in Sources */,
				F06B16451E9765FA0044B677 /* SetViewController.m in Sources */,
				F02815291E9DBE2200A98EE9 /* LightsButton.m in Sources */,
				F06B16681E9767B10044B677 /* ServerKeyboardView.m in Sources */,
				F06B16351E9764240044B677 /* AsyncUdpSocket.m in Sources */,
				F06B15E61E975B810044B677 /* AppDelegate.m in Sources */,
				F06B163F1E9765D60044B677 /* LightsViewController.m in Sources */,
				F02815231E9DBB5100A98EE9 /* GuestBathroom.m in Sources */,
				F06B16741E9768330044B677 /* Aircon.m in Sources */,
				F06B16651E9767960044B677 /* OverAllControlView.m in Sources */,
				F06B16631E9767960044B677 /* MainLampLTView.m in Sources */,
				F06B166E1E9768030044B677 /* TitleBarView.m in Sources */,
				F06B16641E9767960044B677 /* LTNavigationBarView.m in Sources */,
				F06B15E31E975B810044B677 /* main.m in Sources */,
				F06B16911E9B64500044B677 /* UDPNetwork.m in Sources */,
				F06B16391E9765A90044B677 /* MainViewController.m in Sources */,
				F06B16621E9767960044B677 /* GuestBathroomLTView.m in Sources */,
				F06B16711E9768150044B677 /* ToletLTView.m in Sources */,
				F06B16611E9767960044B677 /* CloakroomLTView.m in Sources */,
				F02815341E9E0E7E00A98EE9 /* Bedroom.m in Sources */,
				F06B16601E9767960044B677 /* BedroomLTView.m in Sources */,
				F06B16771E9768410044B677 /* EquipmentInfoManage.m in Sources */,
				F06B168C1E9786EB0044B677 /* ACNavigationView.m in Sources */,
				F06B16531E9767580044B677 /* AirconKeyboardView.m in Sources */,
				F028153A1E9E0EBD00A98EE9 /* Tolet.m in Sources */,
				F06B16891E976FBB0044B677 /* DMCore.m in Sources */,
				F02815261E9DBB7B00A98EE9 /* Cloakroom.m in Sources */,
				F06B16421E9765EA0044B677 /* ServerViewController.m in Sources */,
			);
			runOnlyForDeploymentPostprocessing = 0;
		};
		F06B15F31E975B810044B677 /* Sources */ = {
			isa = PBXSourcesBuildPhase;
			buildActionMask = 2147483647;
			files = (
				F06B15FC1E975B810044B677 /* LZHGRControlTests.m in Sources */,
			);
			runOnlyForDeploymentPostprocessing = 0;
		};
		F06B15FE1E975B810044B677 /* Sources */ = {
			isa = PBXSourcesBuildPhase;
			buildActionMask = 2147483647;
			files = (
				F06B16071E975B810044B677 /* LZHGRControlUITests.m in Sources */,
			);
			runOnlyForDeploymentPostprocessing = 0;
		};
/* End PBXSourcesBuildPhase section */

/* Begin PBXTargetDependency section */
		F06B15F91E975B810044B677 /* PBXTargetDependency */ = {
			isa = PBXTargetDependency;
			target = F06B15DD1E975B810044B677 /* LZHGRControl */;
			targetProxy = F06B15F81E975B810044B677 /* PBXContainerItemProxy */;
		};
		F06B16041E975B810044B677 /* PBXTargetDependency */ = {
			isa = PBXTargetDependency;
			target = F06B15DD1E975B810044B677 /* LZHGRControl */;
			targetProxy = F06B16031E975B810044B677 /* PBXContainerItemProxy */;
		};
/* End PBXTargetDependency section */

/* Begin PBXVariantGroup section */
		F06B15EF1E975B810044B677 /* LaunchScreen.storyboard */ = {
			isa = PBXVariantGroup;
			children = (
				F06B15F01E975B810044B677 /* Base */,
			);
			name = LaunchScreen.storyboard;
			sourceTree = "<group>";
		};
/* End PBXVariantGroup section */

/* Begin XCBuildConfiguration section */
		F06B16091E975B810044B677 /* Debug */ = {
			isa = XCBuildConfiguration;
			buildSettings = {
				ALWAYS_SEARCH_USER_PATHS = NO;
				CLANG_ANALYZER_NONNULL = YES;
				CLANG_CXX_LANGUAGE_STANDARD = "gnu++0x";
				CLANG_CXX_LIBRARY = "libc++";
				CLANG_ENABLE_MODULES = YES;
				CLANG_ENABLE_OBJC_ARC = YES;
				CLANG_WARN_BOOL_CONVERSION = YES;
				CLANG_WARN_CONSTANT_CONVERSION = YES;
				CLANG_WARN_DIRECT_OBJC_ISA_USAGE = YES_ERROR;
				CLANG_WARN_DOCUMENTATION_COMMENTS = YES;
				CLANG_WARN_EMPTY_BODY = YES;
				CLANG_WARN_ENUM_CONVERSION = YES;
				CLANG_WARN_INFINITE_RECURSION = YES;
				CLANG_WARN_INT_CONVERSION = YES;
				CLANG_WARN_OBJC_ROOT_CLASS = YES_ERROR;
				CLANG_WARN_SUSPICIOUS_MOVES = YES;
				CLANG_WARN_UNREACHABLE_CODE = YES;
				CLANG_WARN__DUPLICATE_METHOD_MATCH = YES;
				"CODE_SIGN_IDENTITY[sdk=iphoneos*]" = "iPhone Developer";
				COPY_PHASE_STRIP = NO;
				DEBUG_INFORMATION_FORMAT = dwarf;
				ENABLE_STRICT_OBJC_MSGSEND = YES;
				ENABLE_TESTABILITY = YES;
				GCC_C_LANGUAGE_STANDARD = gnu99;
				GCC_DYNAMIC_NO_PIC = NO;
				GCC_NO_COMMON_BLOCKS = YES;
				GCC_OPTIMIZATION_LEVEL = 0;
				GCC_PREPROCESSOR_DEFINITIONS = (
					"DEBUG=1",
					"$(inherited)",
				);
				GCC_WARN_64_TO_32_BIT_CONVERSION = YES;
				GCC_WARN_ABOUT_RETURN_TYPE = YES_ERROR;
				GCC_WARN_UNDECLARED_SELECTOR = YES;
				GCC_WARN_UNINITIALIZED_AUTOS = YES_AGGRESSIVE;
				GCC_WARN_UNUSED_FUNCTION = YES;
				GCC_WARN_UNUSED_VARIABLE = YES;
				IPHONEOS_DEPLOYMENT_TARGET = 10.1;
				MTL_ENABLE_DEBUG_INFO = YES;
				ONLY_ACTIVE_ARCH = YES;
				SDKROOT = iphoneos;
				TARGETED_DEVICE_FAMILY = "1,2";
			};
			name = Debug;
		};
		F06B160A1E975B810044B677 /* Release */ = {
			isa = XCBuildConfiguration;
			buildSettings = {
				ALWAYS_SEARCH_USER_PATHS = NO;
				CLANG_ANALYZER_NONNULL = YES;
				CLANG_CXX_LANGUAGE_STANDARD = "gnu++0x";
				CLANG_CXX_LIBRARY = "libc++";
				CLANG_ENABLE_MODULES = YES;
				CLANG_ENABLE_OBJC_ARC = YES;
				CLANG_WARN_BOOL_CONVERSION = YES;
				CLANG_WARN_CONSTANT_CONVERSION = YES;
				CLANG_WARN_DIRECT_OBJC_ISA_USAGE = YES_ERROR;
				CLANG_WARN_DOCUMENTATION_COMMENTS = YES;
				CLANG_WARN_EMPTY_BODY = YES;
				CLANG_WARN_ENUM_CONVERSION = YES;
				CLANG_WARN_INFINITE_RECURSION = YES;
				CLANG_WARN_INT_CONVERSION = YES;
				CLANG_WARN_OBJC_ROOT_CLASS = YES_ERROR;
				CLANG_WARN_SUSPICIOUS_MOVES = YES;
				CLANG_WARN_UNREACHABLE_CODE = YES;
				CLANG_WARN__DUPLICATE_METHOD_MATCH = YES;
				"CODE_SIGN_IDENTITY[sdk=iphoneos*]" = "iPhone Developer";
				COPY_PHASE_STRIP = NO;
				DEBUG_INFORMATION_FORMAT = "dwarf-with-dsym";
				ENABLE_NS_ASSERTIONS = NO;
				ENABLE_STRICT_OBJC_MSGSEND = YES;
				GCC_C_LANGUAGE_STANDARD = gnu99;
				GCC_NO_COMMON_BLOCKS = YES;
				GCC_WARN_64_TO_32_BIT_CONVERSION = YES;
				GCC_WARN_ABOUT_RETURN_TYPE = YES_ERROR;
				GCC_WARN_UNDECLARED_SELECTOR = YES;
				GCC_WARN_UNINITIALIZED_AUTOS = YES_AGGRESSIVE;
				GCC_WARN_UNUSED_FUNCTION = YES;
				GCC_WARN_UNUSED_VARIABLE = YES;
				IPHONEOS_DEPLOYMENT_TARGET = 10.1;
				MTL_ENABLE_DEBUG_INFO = NO;
				SDKROOT = iphoneos;
				TARGETED_DEVICE_FAMILY = "1,2";
				VALIDATE_PRODUCT = YES;
			};
			name = Release;
		};
		F06B160C1E975B810044B677 /* Debug */ = {
			isa = XCBuildConfiguration;
			buildSettings = {
				ASSETCATALOG_COMPILER_APPICON_NAME = AppIcon;
				DEVELOPMENT_TEAM = E47JKL8BW9;
				GCC_PRECOMPILE_PREFIX_HEADER = YES;
				GCC_PREFIX_HEADER = "/Users/jony/MyAPP/酒店客房/LZHGRControl/LZHGRControl/LZPch/HGRPrefixHeader.pch";
				INFOPLIST_FILE = LZHGRControl/Info.plist;
				IPHONEOS_DEPLOYMENT_TARGET = 10.1;
				LD_RUNPATH_SEARCH_PATHS = "$(inherited) @executable_path/Frameworks";
				PRODUCT_BUNDLE_IDENTIFIER = com.yavatop.LZHGRControl;
				PRODUCT_NAME = "$(TARGET_NAME)";
			};
			name = Debug;
		};
		F06B160D1E975B810044B677 /* Release */ = {
			isa = XCBuildConfiguration;
			buildSettings = {
				ASSETCATALOG_COMPILER_APPICON_NAME = AppIcon;
				DEVELOPMENT_TEAM = E47JKL8BW9;
				GCC_PRECOMPILE_PREFIX_HEADER = YES;
				GCC_PREFIX_HEADER = "/Users/jony/MyAPP/酒店客房/LZHGRControl/LZHGRControl/LZPch/HGRPrefixHeader.pch";
				INFOPLIST_FILE = LZHGRControl/Info.plist;
				IPHONEOS_DEPLOYMENT_TARGET = 10.1;
				LD_RUNPATH_SEARCH_PATHS = "$(inherited) @executable_path/Frameworks";
				PRODUCT_BUNDLE_IDENTIFIER = com.yavatop.LZHGRControl;
				PRODUCT_NAME = "$(TARGET_NAME)";
			};
			name = Release;
		};
		F06B160F1E975B810044B677 /* Debug */ = {
			isa = XCBuildConfiguration;
			buildSettings = {
				BUNDLE_LOADER = "$(TEST_HOST)";
				DEVELOPMENT_TEAM = E47JKL8BW9;
				INFOPLIST_FILE = LZHGRControlTests/Info.plist;
				LD_RUNPATH_SEARCH_PATHS = "$(inherited) @executable_path/Frameworks @loader_path/Frameworks";
				PRODUCT_BUNDLE_IDENTIFIER = com.yavatop.LZHGRControlTests;
				PRODUCT_NAME = "$(TARGET_NAME)";
				TEST_HOST = "$(BUILT_PRODUCTS_DIR)/LZHGRControl.app/LZHGRControl";
			};
			name = Debug;
		};
		F06B16101E975B810044B677 /* Release */ = {
			isa = XCBuildConfiguration;
			buildSettings = {
				BUNDLE_LOADER = "$(TEST_HOST)";
				DEVELOPMENT_TEAM = E47JKL8BW9;
				INFOPLIST_FILE = LZHGRControlTests/Info.plist;
				LD_RUNPATH_SEARCH_PATHS = "$(inherited) @executable_path/Frameworks @loader_path/Frameworks";
				PRODUCT_BUNDLE_IDENTIFIER = com.yavatop.LZHGRControlTests;
				PRODUCT_NAME = "$(TARGET_NAME)";
				TEST_HOST = "$(BUILT_PRODUCTS_DIR)/LZHGRControl.app/LZHGRControl";
			};
			name = Release;
		};
		F06B16121E975B810044B677 /* Debug */ = {
			isa = XCBuildConfiguration;
			buildSettings = {
				DEVELOPMENT_TEAM = E47JKL8BW9;
				INFOPLIST_FILE = LZHGRControlUITests/Info.plist;
				LD_RUNPATH_SEARCH_PATHS = "$(inherited) @executable_path/Frameworks @loader_path/Frameworks";
				PRODUCT_BUNDLE_IDENTIFIER = com.yavatop.LZHGRControlUITests;
				PRODUCT_NAME = "$(TARGET_NAME)";
				TEST_TARGET_NAME = LZHGRControl;
			};
			name = Debug;
		};
		F06B16131E975B810044B677 /* Release */ = {
			isa = XCBuildConfiguration;
			buildSettings = {
				DEVELOPMENT_TEAM = E47JKL8BW9;
				INFOPLIST_FILE = LZHGRControlUITests/Info.plist;
				LD_RUNPATH_SEARCH_PATHS = "$(inherited) @executable_path/Frameworks @loader_path/Frameworks";
				PRODUCT_BUNDLE_IDENTIFIER = com.yavatop.LZHGRControlUITests;
				PRODUCT_NAME = "$(TARGET_NAME)";
				TEST_TARGET_NAME = LZHGRControl;
			};
			name = Release;
		};
/* End XCBuildConfiguration section */

/* Begin XCConfigurationList section */
		F06B15D91E975B800044B677 /* Build configuration list for PBXProject "LZHGRControl" */ = {
			isa = XCConfigurationList;
			buildConfigurations = (
				F06B16091E975B810044B677 /* Debug */,
				F06B160A1E975B810044B677 /* Release */,
			);
			defaultConfigurationIsVisible = 0;
			defaultConfigurationName = Release;
		};
		F06B160B1E975B810044B677 /* Build configuration list for PBXNativeTarget "LZHGRControl" */ = {
			isa = XCConfigurationList;
			buildConfigurations = (
				F06B160C1E975B810044B677 /* Debug */,
				F06B160D1E975B810044B677 /* Release */,
			);
			defaultConfigurationIsVisible = 0;
			defaultConfigurationName = Release;
		};
		F06B160E1E975B810044B677 /* Build configuration list for PBXNativeTarget "LZHGRControlTests" */ = {
			isa = XCConfigurationList;
			buildConfigurations = (
				F06B160F1E975B810044B677 /* Debug */,
				F06B16101E975B810044B677 /* Release */,
			);
			defaultConfigurationIsVisible = 0;
			defaultConfigurationName = Release;
		};
		F06B16111E975B810044B677 /* Build configuration list for PBXNativeTarget "LZHGRControlUITests" */ = {
			isa = XCConfigurationList;
			buildConfigurations = (
				F06B16121E975B810044B677 /* Debug */,
				F06B16131E975B810044B677 /* Release */,
			);
			defaultConfigurationIsVisible = 0;
			defaultConfigurationName = Release;
		};
/* End XCConfigurationList section */
	};
	rootObject = F06B15D61E975B800044B677 /* Project object */;
}
